
Microsoft Visual Studio Solution File, Format Version 12.00
# Visual Studio Version 17
VisualStudioVersion = 17.5.33414.496
MinimumVisualStudioVersion = 10.0.40219.1
Project("{8BC9CEB8-8B4A-11D0-8D11-00A0C91BC942}") = "Project1", "Project1\Project1.vcxproj", "{802B0F96-A70A-4F45-9634-367EF4EEDD82}"
EndProject
Project("{8BC9CEB8-8B4A-11D0-8D11-00A0C91BC942}") = "Project2", "Project2\Project2.vcxproj", "{BAC7B4DF-9848-4125-97C6-139FD9C6E6EC}"
EndProject
Project("{8BC9CEB8-8B4A-11D0-8D11-00A0C91BC942}") = "Project3", "Project3\Project3.vcxproj", "{3830420A-C7E0-4567-914B-85040BE42F20}"
EndProject
Project("{8BC9CEB8-8B4A-11D0-8D11-00A0C91BC942}") = "Project4", "Project4\Project4.vcxproj", "{5F9789DD-0E70-466B-820A-67A3ECAE30B6}"
EndProject
Project("{8BC9CEB8-8B4A-11D0-8D11-00A0C91BC942}") = "Project5", "Project5\Project5.vcxproj", "{565B289F-B7E8-4357-95C0-F2B90560657E}"
EndProject
Project("{8BC9CEB8-8B4A-11D0-8D11-00A0C91BC942}") = "Project6", "Project6\Project6.vcxproj", "{C07B8156-C5CC-4AE0-84FF-5C9CCDBD7061}"
EndProject
Project("{8BC9CEB8-8B4A-11D0-8D11-00A0C91BC942}") = "Project7", "Project7\Project7.vcxproj", "{C4CDF81A-3D57-49CF-AB8A-67ED1E16B1E1}"
EndProject
Project("{8BC9CEB8-8B4A-11D0-8D11-00A0C91BC942}") = "Project8", "Project8\Project8.vcxproj", "{5C126EDB-6FB2-4BF2-BBA3-17895B69ECE9}"
EndProject
Project("{8BC9CEB8-8B4A-11D0-8D11-00A0C91BC942}") = "Project9", "Project9\Project9.vcxproj", "{F4E18505-5DF9-40CE-9F56-D665769CC1CA}"
EndProject
Project("{8BC9CEB8-8B4A-11D0-8D11-00A0C91BC942}") = "Project10", "Project10\Project10.vcxproj", "{D5069D6E-FF87-4988-9CCF-2AD58DC7B44C}"
EndProject
Project("{8BC9CEB8-8B4A-11D0-8D11-00A0C91BC942}") = "Project11", "Project11\Project11.vcxproj", "{231F89B0-E74E-47DD-A8F6-BD46A0D0652F}"
EndProject
Project("{8BC9CEB8-8B4A-11D0-8D11-00A0C91BC942}") = "Project12", "Project12\Project12.vcxproj", "{6019AD3F-8D8E-4CA4-AEF6-C17D13EBB454}"
EndProject
Project("{8BC9CEB8-8B4A-11D0-8D11-00A0C91BC942}") = "Project11_dz", "Project11_dz\Project11_dz.vcxproj", "{37357EFE-50C6-4D99-912C-30236112034D}"
EndProject
Project("{8BC9CEB8-8B4A-11D0-8D11-00A0C91BC942}") = "Project13", "Project13\Project13.vcxproj", "{78A974D2-479A-43FF-9B4A-595B80D91C23}"
EndProject
Project("{8BC9CEB8-8B4A-11D0-8D11-00A0C91BC942}") = "Project14_dz", "Project14_dz\Project14_dz.vcxproj", "{6357B56E-340C-4B5E-B6AD-2722E459DEFF}"
EndProject
Project("{8BC9CEB8-8B4A-11D0-8D11-00A0C91BC942}") = "Progect15_dz", "Project15\Project15.vcxproj", "{FC44BDC3-E861-4DCB-A12F-01112C936BC7}"
EndProject
Project("{8BC9CEB8-8B4A-11D0-8D11-00A0C91BC942}") = "Project16", "Project16\Project16.vcxproj", "{D0C09285-D19C-4274-A15B-E49EF0AFB1AA}"
EndProject
Project("{8BC9CEB8-8B4A-11D0-8D11-00A0C91BC942}") = "Project17", "Project17\Project17.vcxproj", "{6A7CCF45-4CF7-4672-8EA3-ED4A09772820}"
EndProject
Project("{8BC9CEB8-8B4A-11D0-8D11-00A0C91BC942}") = "Project18", "Project18\Project18.vcxproj", "{CA60EC9D-6B7D-4E19-8613-7A0C80E38233}"
EndProject
Project("{8BC9CEB8-8B4A-11D0-8D11-00A0C91BC942}") = "Project19", "Project19\Project19.vcxproj", "{E1F4F4EB-8648-46E0-9B39-854CE28E2FAA}"
EndProject
Project("{8BC9CEB8-8B4A-11D0-8D11-00A0C91BC942}") = "Project20", "Project20\Project20.vcxproj", "{7DE15762-7922-48C5-8451-72743D52C6BF}"
EndProject
Project("{8BC9CEB8-8B4A-11D0-8D11-00A0C91BC942}") = "Project21", "Project21\Project21.vcxproj", "{EE22E0CB-7DE5-46DD-9BF9-5CEC973B77FC}"
EndProject
Project("{8BC9CEB8-8B4A-11D0-8D11-00A0C91BC942}") = "Project22", "Project22\Project22.vcxproj", "{2EEBB81B-E689-46C4-AFA2-C38834B32EC0}"
EndProject
Project("{8BC9CEB8-8B4A-11D0-8D11-00A0C91BC942}") = "Project23_dz", "Project23_dz\Project23_dz.vcxproj", "{5146C930-0FE7-4563-BA53-A37792CBFA92}"
EndProject
Project("{8BC9CEB8-8B4A-11D0-8D11-00A0C91BC942}") = "Project24", "Project24\Project24.vcxproj", "{627426DC-F1DA-40E7-956A-3A4C04B32AED}"
EndProject
Project("{8BC9CEB8-8B4A-11D0-8D11-00A0C91BC942}") = "Project25", "Project25\Project25.vcxproj", "{081F3B77-14BA-468E-939B-1926E5735C73}"
EndProject
Project("{8BC9CEB8-8B4A-11D0-8D11-00A0C91BC942}") = "Project26", "Project26\Project26.vcxproj", "{E38FA245-8BA2-4566-A1CB-947FC9662CE8}"
EndProject
Project("{8BC9CEB8-8B4A-11D0-8D11-00A0C91BC942}") = "Project27", "Project27\Project27.vcxproj", "{5E4D2CFE-08A1-41DF-87E7-1BA02FCB816C}"
EndProject
Project("{8BC9CEB8-8B4A-11D0-8D11-00A0C91BC942}") = "Project28", "Project28\Project28.vcxproj", "{E98A360B-3BB1-4BE8-B8EC-A489403DE364}"
EndProject
Project("{8BC9CEB8-8B4A-11D0-8D11-00A0C91BC942}") = "Project29_dz", "Project29_dz\Project29_dz.vcxproj", "{03029E36-A41C-4662-8C60-D88D73CCF6A5}"
EndProject
Project("{8BC9CEB8-8B4A-11D0-8D11-00A0C91BC942}") = "Project30_dz", "Project30_dz\Project30_dz.vcxproj", "{AC1F1EDF-9BD3-44A3-A72F-CDF7CE171E80}"
EndProject
Project("{8BC9CEB8-8B4A-11D0-8D11-00A0C91BC942}") = "Project31", "Project31\Project31.vcxproj", "{F707D043-7A46-4173-AD2E-E31083781D5E}"
EndProject
Project("{8BC9CEB8-8B4A-11D0-8D11-00A0C91BC942}") = "Project32", "Project32\Project32.vcxproj", "{54AD9B52-8BE1-4696-8AA8-45B4E0CC24C8}"
EndProject
Global
	GlobalSection(SolutionConfigurationPlatforms) = preSolution
		Debug|x64 = Debug|x64
		Debug|x86 = Debug|x86
		Release|x64 = Release|x64
		Release|x86 = Release|x86
	EndGlobalSection
	GlobalSection(ProjectConfigurationPlatforms) = postSolution
		{802B0F96-A70A-4F45-9634-367EF4EEDD82}.Debug|x64.ActiveCfg = Debug|x64
		{802B0F96-A70A-4F45-9634-367EF4EEDD82}.Debug|x64.Build.0 = Debug|x64
		{802B0F96-A70A-4F45-9634-367EF4EEDD82}.Debug|x86.ActiveCfg = Debug|Win32
		{802B0F96-A70A-4F45-9634-367EF4EEDD82}.Debug|x86.Build.0 = Debug|Win32
		{802B0F96-A70A-4F45-9634-367EF4EEDD82}.Release|x64.ActiveCfg = Release|x64
		{802B0F96-A70A-4F45-9634-367EF4EEDD82}.Release|x64.Build.0 = Release|x64
		{802B0F96-A70A-4F45-9634-367EF4EEDD82}.Release|x86.ActiveCfg = Release|Win32
		{802B0F96-A70A-4F45-9634-367EF4EEDD82}.Release|x86.Build.0 = Release|Win32
		{BAC7B4DF-9848-4125-97C6-139FD9C6E6EC}.Debug|x64.ActiveCfg = Debug|x64
		{BAC7B4DF-9848-4125-97C6-139FD9C6E6EC}.Debug|x64.Build.0 = Debug|x64
		{BAC7B4DF-9848-4125-97C6-139FD9C6E6EC}.Debug|x86.ActiveCfg = Debug|Win32
		{BAC7B4DF-9848-4125-97C6-139FD9C6E6EC}.Debug|x86.Build.0 = Debug|Win32
		{BAC7B4DF-9848-4125-97C6-139FD9C6E6EC}.Release|x64.ActiveCfg = Release|x64
		{BAC7B4DF-9848-4125-97C6-139FD9C6E6EC}.Release|x64.Build.0 = Release|x64
		{BAC7B4DF-9848-4125-97C6-139FD9C6E6EC}.Release|x86.ActiveCfg = Release|Win32
		{BAC7B4DF-9848-4125-97C6-139FD9C6E6EC}.Release|x86.Build.0 = Release|Win32
		{3830420A-C7E0-4567-914B-85040BE42F20}.Debug|x64.ActiveCfg = Debug|x64
		{3830420A-C7E0-4567-914B-85040BE42F20}.Debug|x64.Build.0 = Debug|x64
		{3830420A-C7E0-4567-914B-85040BE42F20}.Debug|x86.ActiveCfg = Debug|Win32
		{3830420A-C7E0-4567-914B-85040BE42F20}.Debug|x86.Build.0 = Debug|Win32
		{3830420A-C7E0-4567-914B-85040BE42F20}.Release|x64.ActiveCfg = Release|x64
		{3830420A-C7E0-4567-914B-85040BE42F20}.Release|x64.Build.0 = Release|x64
		{3830420A-C7E0-4567-914B-85040BE42F20}.Release|x86.ActiveCfg = Release|Win32
		{3830420A-C7E0-4567-914B-85040BE42F20}.Release|x86.Build.0 = Release|Win32
		{5F9789DD-0E70-466B-820A-67A3ECAE30B6}.Debug|x64.ActiveCfg = Debug|x64
		{5F9789DD-0E70-466B-820A-67A3ECAE30B6}.Debug|x64.Build.0 = Debug|x64
		{5F9789DD-0E70-466B-820A-67A3ECAE30B6}.Debug|x86.ActiveCfg = Debug|Win32
		{5F9789DD-0E70-466B-820A-67A3ECAE30B6}.Debug|x86.Build.0 = Debug|Win32
		{5F9789DD-0E70-466B-820A-67A3ECAE30B6}.Release|x64.ActiveCfg = Release|x64
		{5F9789DD-0E70-466B-820A-67A3ECAE30B6}.Release|x64.Build.0 = Release|x64
		{5F9789DD-0E70-466B-820A-67A3ECAE30B6}.Release|x86.ActiveCfg = Release|Win32
		{5F9789DD-0E70-466B-820A-67A3ECAE30B6}.Release|x86.Build.0 = Release|Win32
		{565B289F-B7E8-4357-95C0-F2B90560657E}.Debug|x64.ActiveCfg = Debug|x64
		{565B289F-B7E8-4357-95C0-F2B90560657E}.Debug|x64.Build.0 = Debug|x64
		{565B289F-B7E8-4357-95C0-F2B90560657E}.Debug|x86.ActiveCfg = Debug|Win32
		{565B289F-B7E8-4357-95C0-F2B90560657E}.Debug|x86.Build.0 = Debug|Win32
		{565B289F-B7E8-4357-95C0-F2B90560657E}.Release|x64.ActiveCfg = Release|x64
		{565B289F-B7E8-4357-95C0-F2B90560657E}.Release|x64.Build.0 = Release|x64
		{565B289F-B7E8-4357-95C0-F2B90560657E}.Release|x86.ActiveCfg = Release|Win32
		{565B289F-B7E8-4357-95C0-F2B90560657E}.Release|x86.Build.0 = Release|Win32
		{C07B8156-C5CC-4AE0-84FF-5C9CCDBD7061}.Debug|x64.ActiveCfg = Debug|x64
		{C07B8156-C5CC-4AE0-84FF-5C9CCDBD7061}.Debug|x64.Build.0 = Debug|x64
		{C07B8156-C5CC-4AE0-84FF-5C9CCDBD7061}.Debug|x86.ActiveCfg = Debug|Win32
		{C07B8156-C5CC-4AE0-84FF-5C9CCDBD7061}.Debug|x86.Build.0 = Debug|Win32
		{C07B8156-C5CC-4AE0-84FF-5C9CCDBD7061}.Release|x64.ActiveCfg = Release|x64
		{C07B8156-C5CC-4AE0-84FF-5C9CCDBD7061}.Release|x64.Build.0 = Release|x64
		{C07B8156-C5CC-4AE0-84FF-5C9CCDBD7061}.Release|x86.ActiveCfg = Release|Win32
		{C07B8156-C5CC-4AE0-84FF-5C9CCDBD7061}.Release|x86.Build.0 = Release|Win32
		{C4CDF81A-3D57-49CF-AB8A-67ED1E16B1E1}.Debug|x64.ActiveCfg = Debug|x64
		{C4CDF81A-3D57-49CF-AB8A-67ED1E16B1E1}.Debug|x64.Build.0 = Debug|x64
		{C4CDF81A-3D57-49CF-AB8A-67ED1E16B1E1}.Debug|x86.ActiveCfg = Debug|Win32
		{C4CDF81A-3D57-49CF-AB8A-67ED1E16B1E1}.Debug|x86.Build.0 = Debug|Win32
		{C4CDF81A-3D57-49CF-AB8A-67ED1E16B1E1}.Release|x64.ActiveCfg = Release|x64
		{C4CDF81A-3D57-49CF-AB8A-67ED1E16B1E1}.Release|x64.Build.0 = Release|x64
		{C4CDF81A-3D57-49CF-AB8A-67ED1E16B1E1}.Release|x86.ActiveCfg = Release|Win32
		{C4CDF81A-3D57-49CF-AB8A-67ED1E16B1E1}.Release|x86.Build.0 = Release|Win32
		{5C126EDB-6FB2-4BF2-BBA3-17895B69ECE9}.Debug|x64.ActiveCfg = Debug|x64
		{5C126EDB-6FB2-4BF2-BBA3-17895B69ECE9}.Debug|x64.Build.0 = Debug|x64
		{5C126EDB-6FB2-4BF2-BBA3-17895B69ECE9}.Debug|x86.ActiveCfg = Debug|Win32
		{5C126EDB-6FB2-4BF2-BBA3-17895B69ECE9}.Debug|x86.Build.0 = Debug|Win32
		{5C126EDB-6FB2-4BF2-BBA3-17895B69ECE9}.Release|x64.ActiveCfg = Release|x64
		{5C126EDB-6FB2-4BF2-BBA3-17895B69ECE9}.Release|x64.Build.0 = Release|x64
		{5C126EDB-6FB2-4BF2-BBA3-17895B69ECE9}.Release|x86.ActiveCfg = Release|Win32
		{5C126EDB-6FB2-4BF2-BBA3-17895B69ECE9}.Release|x86.Build.0 = Release|Win32
		{F4E18505-5DF9-40CE-9F56-D665769CC1CA}.Debug|x64.ActiveCfg = Debug|x64
		{F4E18505-5DF9-40CE-9F56-D665769CC1CA}.Debug|x64.Build.0 = Debug|x64
		{F4E18505-5DF9-40CE-9F56-D665769CC1CA}.Debug|x86.ActiveCfg = Debug|Win32
		{F4E18505-5DF9-40CE-9F56-D665769CC1CA}.Debug|x86.Build.0 = Debug|Win32
		{F4E18505-5DF9-40CE-9F56-D665769CC1CA}.Release|x64.ActiveCfg = Release|x64
		{F4E18505-5DF9-40CE-9F56-D665769CC1CA}.Release|x64.Build.0 = Release|x64
		{F4E18505-5DF9-40CE-9F56-D665769CC1CA}.Release|x86.ActiveCfg = Release|Win32
		{F4E18505-5DF9-40CE-9F56-D665769CC1CA}.Release|x86.Build.0 = Release|Win32
		{D5069D6E-FF87-4988-9CCF-2AD58DC7B44C}.Debug|x64.ActiveCfg = Debug|x64
		{D5069D6E-FF87-4988-9CCF-2AD58DC7B44C}.Debug|x64.Build.0 = Debug|x64
		{D5069D6E-FF87-4988-9CCF-2AD58DC7B44C}.Debug|x86.ActiveCfg = Debug|Win32
		{D5069D6E-FF87-4988-9CCF-2AD58DC7B44C}.Debug|x86.Build.0 = Debug|Win32
		{D5069D6E-FF87-4988-9CCF-2AD58DC7B44C}.Release|x64.ActiveCfg = Release|x64
		{D5069D6E-FF87-4988-9CCF-2AD58DC7B44C}.Release|x64.Build.0 = Release|x64
		{D5069D6E-FF87-4988-9CCF-2AD58DC7B44C}.Release|x86.ActiveCfg = Release|Win32
		{D5069D6E-FF87-4988-9CCF-2AD58DC7B44C}.Release|x86.Build.0 = Release|Win32
		{231F89B0-E74E-47DD-A8F6-BD46A0D0652F}.Debug|x64.ActiveCfg = Debug|x64
		{231F89B0-E74E-47DD-A8F6-BD46A0D0652F}.Debug|x64.Build.0 = Debug|x64
		{231F89B0-E74E-47DD-A8F6-BD46A0D0652F}.Debug|x86.ActiveCfg = Debug|Win32
		{231F89B0-E74E-47DD-A8F6-BD46A0D0652F}.Debug|x86.Build.0 = Debug|Win32
		{231F89B0-E74E-47DD-A8F6-BD46A0D0652F}.Release|x64.ActiveCfg = Release|x64
		{231F89B0-E74E-47DD-A8F6-BD46A0D0652F}.Release|x64.Build.0 = Release|x64
		{231F89B0-E74E-47DD-A8F6-BD46A0D0652F}.Release|x86.ActiveCfg = Release|Win32
		{231F89B0-E74E-47DD-A8F6-BD46A0D0652F}.Release|x86.Build.0 = Release|Win32
		{6019AD3F-8D8E-4CA4-AEF6-C17D13EBB454}.Debug|x64.ActiveCfg = Debug|x64
		{6019AD3F-8D8E-4CA4-AEF6-C17D13EBB454}.Debug|x64.Build.0 = Debug|x64
		{6019AD3F-8D8E-4CA4-AEF6-C17D13EBB454}.Debug|x86.ActiveCfg = Debug|Win32
		{6019AD3F-8D8E-4CA4-AEF6-C17D13EBB454}.Debug|x86.Build.0 = Debug|Win32
		{6019AD3F-8D8E-4CA4-AEF6-C17D13EBB454}.Release|x64.ActiveCfg = Release|x64
		{6019AD3F-8D8E-4CA4-AEF6-C17D13EBB454}.Release|x64.Build.0 = Release|x64
		{6019AD3F-8D8E-4CA4-AEF6-C17D13EBB454}.Release|x86.ActiveCfg = Release|Win32
		{6019AD3F-8D8E-4CA4-AEF6-C17D13EBB454}.Release|x86.Build.0 = Release|Win32
		{37357EFE-50C6-4D99-912C-30236112034D}.Debug|x64.ActiveCfg = Debug|x64
		{37357EFE-50C6-4D99-912C-30236112034D}.Debug|x64.Build.0 = Debug|x64
		{37357EFE-50C6-4D99-912C-30236112034D}.Debug|x86.ActiveCfg = Debug|Win32
		{37357EFE-50C6-4D99-912C-30236112034D}.Debug|x86.Build.0 = Debug|Win32
		{37357EFE-50C6-4D99-912C-30236112034D}.Release|x64.ActiveCfg = Release|x64
		{37357EFE-50C6-4D99-912C-30236112034D}.Release|x64.Build.0 = Release|x64
		{37357EFE-50C6-4D99-912C-30236112034D}.Release|x86.ActiveCfg = Release|Win32
		{37357EFE-50C6-4D99-912C-30236112034D}.Release|x86.Build.0 = Release|Win32
		{78A974D2-479A-43FF-9B4A-595B80D91C23}.Debug|x64.ActiveCfg = Debug|x64
		{78A974D2-479A-43FF-9B4A-595B80D91C23}.Debug|x64.Build.0 = Debug|x64
		{78A974D2-479A-43FF-9B4A-595B80D91C23}.Debug|x86.ActiveCfg = Debug|Win32
		{78A974D2-479A-43FF-9B4A-595B80D91C23}.Debug|x86.Build.0 = Debug|Win32
		{78A974D2-479A-43FF-9B4A-595B80D91C23}.Release|x64.ActiveCfg = Release|x64
		{78A974D2-479A-43FF-9B4A-595B80D91C23}.Release|x64.Build.0 = Release|x64
		{78A974D2-479A-43FF-9B4A-595B80D91C23}.Release|x86.ActiveCfg = Release|Win32
		{78A974D2-479A-43FF-9B4A-595B80D91C23}.Release|x86.Build.0 = Release|Win32
		{6357B56E-340C-4B5E-B6AD-2722E459DEFF}.Debug|x64.ActiveCfg = Debug|x64
		{6357B56E-340C-4B5E-B6AD-2722E459DEFF}.Debug|x64.Build.0 = Debug|x64
		{6357B56E-340C-4B5E-B6AD-2722E459DEFF}.Debug|x86.ActiveCfg = Debug|Win32
		{6357B56E-340C-4B5E-B6AD-2722E459DEFF}.Debug|x86.Build.0 = Debug|Win32
		{6357B56E-340C-4B5E-B6AD-2722E459DEFF}.Release|x64.ActiveCfg = Release|x64
		{6357B56E-340C-4B5E-B6AD-2722E459DEFF}.Release|x64.Build.0 = Release|x64
		{6357B56E-340C-4B5E-B6AD-2722E459DEFF}.Release|x86.ActiveCfg = Release|Win32
		{6357B56E-340C-4B5E-B6AD-2722E459DEFF}.Release|x86.Build.0 = Release|Win32
		{FC44BDC3-E861-4DCB-A12F-01112C936BC7}.Debug|x64.ActiveCfg = Debug|x64
		{FC44BDC3-E861-4DCB-A12F-01112C936BC7}.Debug|x64.Build.0 = Debug|x64
		{FC44BDC3-E861-4DCB-A12F-01112C936BC7}.Debug|x86.ActiveCfg = Debug|Win32
		{FC44BDC3-E861-4DCB-A12F-01112C936BC7}.Debug|x86.Build.0 = Debug|Win32
		{FC44BDC3-E861-4DCB-A12F-01112C936BC7}.Release|x64.ActiveCfg = Release|x64
		{FC44BDC3-E861-4DCB-A12F-01112C936BC7}.Release|x64.Build.0 = Release|x64
		{FC44BDC3-E861-4DCB-A12F-01112C936BC7}.Release|x86.ActiveCfg = Release|Win32
		{FC44BDC3-E861-4DCB-A12F-01112C936BC7}.Release|x86.Build.0 = Release|Win32
		{D0C09285-D19C-4274-A15B-E49EF0AFB1AA}.Debug|x64.ActiveCfg = Debug|x64
		{D0C09285-D19C-4274-A15B-E49EF0AFB1AA}.Debug|x64.Build.0 = Debug|x64
		{D0C09285-D19C-4274-A15B-E49EF0AFB1AA}.Debug|x86.ActiveCfg = Debug|Win32
		{D0C09285-D19C-4274-A15B-E49EF0AFB1AA}.Debug|x86.Build.0 = Debug|Win32
		{D0C09285-D19C-4274-A15B-E49EF0AFB1AA}.Release|x64.ActiveCfg = Release|x64
		{D0C09285-D19C-4274-A15B-E49EF0AFB1AA}.Release|x64.Build.0 = Release|x64
		{D0C09285-D19C-4274-A15B-E49EF0AFB1AA}.Release|x86.ActiveCfg = Release|Win32
		{D0C09285-D19C-4274-A15B-E49EF0AFB1AA}.Release|x86.Build.0 = Release|Win32
		{6A7CCF45-4CF7-4672-8EA3-ED4A09772820}.Debug|x64.ActiveCfg = Debug|x64
		{6A7CCF45-4CF7-4672-8EA3-ED4A09772820}.Debug|x64.Build.0 = Debug|x64
		{6A7CCF45-4CF7-4672-8EA3-ED4A09772820}.Debug|x86.ActiveCfg = Debug|Win32
		{6A7CCF45-4CF7-4672-8EA3-ED4A09772820}.Debug|x86.Build.0 = Debug|Win32
		{6A7CCF45-4CF7-4672-8EA3-ED4A09772820}.Release|x64.ActiveCfg = Release|x64
		{6A7CCF45-4CF7-4672-8EA3-ED4A09772820}.Release|x64.Build.0 = Release|x64
		{6A7CCF45-4CF7-4672-8EA3-ED4A09772820}.Release|x86.ActiveCfg = Release|Win32
		{6A7CCF45-4CF7-4672-8EA3-ED4A09772820}.Release|x86.Build.0 = Release|Win32
		{CA60EC9D-6B7D-4E19-8613-7A0C80E38233}.Debug|x64.ActiveCfg = Debug|x64
		{CA60EC9D-6B7D-4E19-8613-7A0C80E38233}.Debug|x64.Build.0 = Debug|x64
		{CA60EC9D-6B7D-4E19-8613-7A0C80E38233}.Debug|x86.ActiveCfg = Debug|Win32
		{CA60EC9D-6B7D-4E19-8613-7A0C80E38233}.Debug|x86.Build.0 = Debug|Win32
		{CA60EC9D-6B7D-4E19-8613-7A0C80E38233}.Release|x64.ActiveCfg = Release|x64
		{CA60EC9D-6B7D-4E19-8613-7A0C80E38233}.Release|x64.Build.0 = Release|x64
		{CA60EC9D-6B7D-4E19-8613-7A0C80E38233}.Release|x86.ActiveCfg = Release|Win32
		{CA60EC9D-6B7D-4E19-8613-7A0C80E38233}.Release|x86.Build.0 = Release|Win32
		{E1F4F4EB-8648-46E0-9B39-854CE28E2FAA}.Debug|x64.ActiveCfg = Debug|x64
		{E1F4F4EB-8648-46E0-9B39-854CE28E2FAA}.Debug|x64.Build.0 = Debug|x64
		{E1F4F4EB-8648-46E0-9B39-854CE28E2FAA}.Debug|x86.ActiveCfg = Debug|Win32
		{E1F4F4EB-8648-46E0-9B39-854CE28E2FAA}.Debug|x86.Build.0 = Debug|Win32
		{E1F4F4EB-8648-46E0-9B39-854CE28E2FAA}.Release|x64.ActiveCfg = Release|x64
		{E1F4F4EB-8648-46E0-9B39-854CE28E2FAA}.Release|x64.Build.0 = Release|x64
		{E1F4F4EB-8648-46E0-9B39-854CE28E2FAA}.Release|x86.ActiveCfg = Release|Win32
		{E1F4F4EB-8648-46E0-9B39-854CE28E2FAA}.Release|x86.Build.0 = Release|Win32
		{7DE15762-7922-48C5-8451-72743D52C6BF}.Debug|x64.ActiveCfg = Debug|x64
		{7DE15762-7922-48C5-8451-72743D52C6BF}.Debug|x64.Build.0 = Debug|x64
		{7DE15762-7922-48C5-8451-72743D52C6BF}.Debug|x86.ActiveCfg = Debug|Win32
		{7DE15762-7922-48C5-8451-72743D52C6BF}.Debug|x86.Build.0 = Debug|Win32
		{7DE15762-7922-48C5-8451-72743D52C6BF}.Release|x64.ActiveCfg = Release|x64
		{7DE15762-7922-48C5-8451-72743D52C6BF}.Release|x64.Build.0 = Release|x64
		{7DE15762-7922-48C5-8451-72743D52C6BF}.Release|x86.ActiveCfg = Release|Win32
		{7DE15762-7922-48C5-8451-72743D52C6BF}.Release|x86.Build.0 = Release|Win32
		{EE22E0CB-7DE5-46DD-9BF9-5CEC973B77FC}.Debug|x64.ActiveCfg = Debug|x64
		{EE22E0CB-7DE5-46DD-9BF9-5CEC973B77FC}.Debug|x64.Build.0 = Debug|x64
		{EE22E0CB-7DE5-46DD-9BF9-5CEC973B77FC}.Debug|x86.ActiveCfg = Debug|Win32
		{EE22E0CB-7DE5-46DD-9BF9-5CEC973B77FC}.Debug|x86.Build.0 = Debug|Win32
		{EE22E0CB-7DE5-46DD-9BF9-5CEC973B77FC}.Release|x64.ActiveCfg = Release|x64
		{EE22E0CB-7DE5-46DD-9BF9-5CEC973B77FC}.Release|x64.Build.0 = Release|x64
		{EE22E0CB-7DE5-46DD-9BF9-5CEC973B77FC}.Release|x86.ActiveCfg = Release|Win32
		{EE22E0CB-7DE5-46DD-9BF9-5CEC973B77FC}.Release|x86.Build.0 = Release|Win32
		{2EEBB81B-E689-46C4-AFA2-C38834B32EC0}.Debug|x64.ActiveCfg = Debug|x64
		{2EEBB81B-E689-46C4-AFA2-C38834B32EC0}.Debug|x64.Build.0 = Debug|x64
		{2EEBB81B-E689-46C4-AFA2-C38834B32EC0}.Debug|x86.ActiveCfg = Debug|Win32
		{2EEBB81B-E689-46C4-AFA2-C38834B32EC0}.Debug|x86.Build.0 = Debug|Win32
		{2EEBB81B-E689-46C4-AFA2-C38834B32EC0}.Release|x64.ActiveCfg = Release|x64
		{2EEBB81B-E689-46C4-AFA2-C38834B32EC0}.Release|x64.Build.0 = Release|x64
		{2EEBB81B-E689-46C4-AFA2-C38834B32EC0}.Release|x86.ActiveCfg = Release|Win32
		{2EEBB81B-E689-46C4-AFA2-C38834B32EC0}.Release|x86.Build.0 = Release|Win32
		{5146C930-0FE7-4563-BA53-A37792CBFA92}.Debug|x64.ActiveCfg = Debug|x64
		{5146C930-0FE7-4563-BA53-A37792CBFA92}.Debug|x64.Build.0 = Debug|x64
		{5146C930-0FE7-4563-BA53-A37792CBFA92}.Debug|x86.ActiveCfg = Debug|Win32
		{5146C930-0FE7-4563-BA53-A37792CBFA92}.Debug|x86.Build.0 = Debug|Win32
		{5146C930-0FE7-4563-BA53-A37792CBFA92}.Release|x64.ActiveCfg = Release|x64
		{5146C930-0FE7-4563-BA53-A37792CBFA92}.Release|x64.Build.0 = Release|x64
		{5146C930-0FE7-4563-BA53-A37792CBFA92}.Release|x86.ActiveCfg = Release|Win32
		{5146C930-0FE7-4563-BA53-A37792CBFA92}.Release|x86.Build.0 = Release|Win32
		{627426DC-F1DA-40E7-956A-3A4C04B32AED}.Debug|x64.ActiveCfg = Debug|x64
		{627426DC-F1DA-40E7-956A-3A4C04B32AED}.Debug|x64.Build.0 = Debug|x64
		{627426DC-F1DA-40E7-956A-3A4C04B32AED}.Debug|x86.ActiveCfg = Debug|Win32
		{627426DC-F1DA-40E7-956A-3A4C04B32AED}.Debug|x86.Build.0 = Debug|Win32
		{627426DC-F1DA-40E7-956A-3A4C04B32AED}.Release|x64.ActiveCfg = Release|x64
		{627426DC-F1DA-40E7-956A-3A4C04B32AED}.Release|x64.Build.0 = Release|x64
		{627426DC-F1DA-40E7-956A-3A4C04B32AED}.Release|x86.ActiveCfg = Release|Win32
		{627426DC-F1DA-40E7-956A-3A4C04B32AED}.Release|x86.Build.0 = Release|Win32
		{081F3B77-14BA-468E-939B-1926E5735C73}.Debug|x64.ActiveCfg = Debug|x64
		{081F3B77-14BA-468E-939B-1926E5735C73}.Debug|x64.Build.0 = Debug|x64
		{081F3B77-14BA-468E-939B-1926E5735C73}.Debug|x86.ActiveCfg = Debug|Win32
		{081F3B77-14BA-468E-939B-1926E5735C73}.Debug|x86.Build.0 = Debug|Win32
		{081F3B77-14BA-468E-939B-1926E5735C73}.Release|x64.ActiveCfg = Release|x64
		{081F3B77-14BA-468E-939B-1926E5735C73}.Release|x64.Build.0 = Release|x64
		{081F3B77-14BA-468E-939B-1926E5735C73}.Release|x86.ActiveCfg = Release|Win32
		{081F3B77-14BA-468E-939B-1926E5735C73}.Release|x86.Build.0 = Release|Win32
		{E38FA245-8BA2-4566-A1CB-947FC9662CE8}.Debug|x64.ActiveCfg = Debug|x64
		{E38FA245-8BA2-4566-A1CB-947FC9662CE8}.Debug|x64.Build.0 = Debug|x64
		{E38FA245-8BA2-4566-A1CB-947FC9662CE8}.Debug|x86.ActiveCfg = Debug|Win32
		{E38FA245-8BA2-4566-A1CB-947FC9662CE8}.Debug|x86.Build.0 = Debug|Win32
		{E38FA245-8BA2-4566-A1CB-947FC9662CE8}.Release|x64.ActiveCfg = Release|x64
		{E38FA245-8BA2-4566-A1CB-947FC9662CE8}.Release|x64.Build.0 = Release|x64
		{E38FA245-8BA2-4566-A1CB-947FC9662CE8}.Release|x86.ActiveCfg = Release|Win32
		{E38FA245-8BA2-4566-A1CB-947FC9662CE8}.Release|x86.Build.0 = Release|Win32
		{5E4D2CFE-08A1-41DF-87E7-1BA02FCB816C}.Debug|x64.ActiveCfg = Debug|x64
		{5E4D2CFE-08A1-41DF-87E7-1BA02FCB816C}.Debug|x64.Build.0 = Debug|x64
		{5E4D2CFE-08A1-41DF-87E7-1BA02FCB816C}.Debug|x86.ActiveCfg = Debug|Win32
		{5E4D2CFE-08A1-41DF-87E7-1BA02FCB816C}.Debug|x86.Build.0 = Debug|Win32
		{5E4D2CFE-08A1-41DF-87E7-1BA02FCB816C}.Release|x64.ActiveCfg = Release|x64
		{5E4D2CFE-08A1-41DF-87E7-1BA02FCB816C}.Release|x64.Build.0 = Release|x64
		{5E4D2CFE-08A1-41DF-87E7-1BA02FCB816C}.Release|x86.ActiveCfg = Release|Win32
		{5E4D2CFE-08A1-41DF-87E7-1BA02FCB816C}.Release|x86.Build.0 = Release|Win32
		{E98A360B-3BB1-4BE8-B8EC-A489403DE364}.Debug|x64.ActiveCfg = Debug|x64
		{E98A360B-3BB1-4BE8-B8EC-A489403DE364}.Debug|x64.Build.0 = Debug|x64
		{E98A360B-3BB1-4BE8-B8EC-A489403DE364}.Debug|x86.ActiveCfg = Debug|Win32
		{E98A360B-3BB1-4BE8-B8EC-A489403DE364}.Debug|x86.Build.0 = Debug|Win32
		{E98A360B-3BB1-4BE8-B8EC-A489403DE364}.Release|x64.ActiveCfg = Release|x64
		{E98A360B-3BB1-4BE8-B8EC-A489403DE364}.Release|x64.Build.0 = Release|x64
		{E98A360B-3BB1-4BE8-B8EC-A489403DE364}.Release|x86.ActiveCfg = Release|Win32
		{E98A360B-3BB1-4BE8-B8EC-A489403DE364}.Release|x86.Build.0 = Release|Win32
		{03029E36-A41C-4662-8C60-D88D73CCF6A5}.Debug|x64.ActiveCfg = Debug|x64
		{03029E36-A41C-4662-8C60-D88D73CCF6A5}.Debug|x64.Build.0 = Debug|x64
		{03029E36-A41C-4662-8C60-D88D73CCF6A5}.Debug|x86.ActiveCfg = Debug|Win32
		{03029E36-A41C-4662-8C60-D88D73CCF6A5}.Debug|x86.Build.0 = Debug|Win32
		{03029E36-A41C-4662-8C60-D88D73CCF6A5}.Release|x64.ActiveCfg = Release|x64
		{03029E36-A41C-4662-8C60-D88D73CCF6A5}.Release|x64.Build.0 = Release|x64
		{03029E36-A41C-4662-8C60-D88D73CCF6A5}.Release|x86.ActiveCfg = Release|Win32
		{03029E36-A41C-4662-8C60-D88D73CCF6A5}.Release|x86.Build.0 = Release|Win32
		{AC1F1EDF-9BD3-44A3-A72F-CDF7CE171E80}.Debug|x64.ActiveCfg = Debug|x64
		{AC1F1EDF-9BD3-44A3-A72F-CDF7CE171E80}.Debug|x64.Build.0 = Debug|x64
		{AC1F1EDF-9BD3-44A3-A72F-CDF7CE171E80}.Debug|x86.ActiveCfg = Debug|Win32
		{AC1F1EDF-9BD3-44A3-A72F-CDF7CE171E80}.Debug|x86.Build.0 = Debug|Win32
		{AC1F1EDF-9BD3-44A3-A72F-CDF7CE171E80}.Release|x64.ActiveCfg = Release|x64
		{AC1F1EDF-9BD3-44A3-A72F-CDF7CE171E80}.Release|x64.Build.0 = Release|x64
		{AC1F1EDF-9BD3-44A3-A72F-CDF7CE171E80}.Release|x86.ActiveCfg = Release|Win32
		{AC1F1EDF-9BD3-44A3-A72F-CDF7CE171E80}.Release|x86.Build.0 = Release|Win32
		{F707D043-7A46-4173-AD2E-E31083781D5E}.Debug|x64.ActiveCfg = Debug|x64
		{F707D043-7A46-4173-AD2E-E31083781D5E}.Debug|x64.Build.0 = Debug|x64
		{F707D043-7A46-4173-AD2E-E31083781D5E}.Debug|x86.ActiveCfg = Debug|Win32
		{F707D043-7A46-4173-AD2E-E31083781D5E}.Debug|x86.Build.0 = Debug|Win32
		{F707D043-7A46-4173-AD2E-E31083781D5E}.Release|x64.ActiveCfg = Release|x64
		{F707D043-7A46-4173-AD2E-E31083781D5E}.Release|x64.Build.0 = Release|x64
		{F707D043-7A46-4173-AD2E-E31083781D5E}.Release|x86.ActiveCfg = Release|Win32
		{F707D043-7A46-4173-AD2E-E31083781D5E}.Release|x86.Build.0 = Release|Win32
		{54AD9B52-8BE1-4696-8AA8-45B4E0CC24C8}.Debug|x64.ActiveCfg = Debug|x64
		{54AD9B52-8BE1-4696-8AA8-45B4E0CC24C8}.Debug|x64.Build.0 = Debug|x64
		{54AD9B52-8BE1-4696-8AA8-45B4E0CC24C8}.Debug|x86.ActiveCfg = Debug|Win32
		{54AD9B52-8BE1-4696-8AA8-45B4E0CC24C8}.Debug|x86.Build.0 = Debug|Win32
		{54AD9B52-8BE1-4696-8AA8-45B4E0CC24C8}.Release|x64.ActiveCfg = Release|x64
		{54AD9B52-8BE1-4696-8AA8-45B4E0CC24C8}.Release|x64.Build.0 = Release|x64
		{54AD9B52-8BE1-4696-8AA8-45B4E0CC24C8}.Release|x86.ActiveCfg = Release|Win32
		{54AD9B52-8BE1-4696-8AA8-45B4E0CC24C8}.Release|x86.Build.0 = Release|Win32
	EndGlobalSection
	GlobalSection(SolutionProperties) = preSolution
		HideSolutionNode = FALSE
	EndGlobalSection
	GlobalSection(ExtensibilityGlobals) = postSolution
		SolutionGuid = {6D6D9B94-3599-4032-8E41-2797CFDA0CCA}
	EndGlobalSection
EndGlobal
