
Microsoft Visual Studio Solution File, Format Version 12.00
# Visual Studio Version 17
VisualStudioVersion = 17.5.33414.496
MinimumVisualStudioVersion = 10.0.40219.1
Project("{8BC9CEB8-8B4A-11D0-8D11-00A0C91BC942}") = "Project1", "Project1\Project1.vcxproj", "{802B0F96-A70A-4F45-9634-367EF4EEDD82}"
EndProject
Project("{8BC9CEB8-8B4A-11D0-8D11-00A0C91BC942}") = "Project2", "Project2\Project2.vcxproj", "{BAC7B4DF-9848-4125-97C6-139FD9C6E6EC}"
EndProject
Project("{8BC9CEB8-8B4A-11D0-8D11-00A0C91BC942}") = "Project3", "Project3\Project3.vcxproj", "{3830420A-C7E0-4567-914B-85040BE42F20}"
EndProject
Project("{8BC9CEB8-8B4A-11D0-8D11-00A0C91BC942}") = "Project4", "Project4\Project4.vcxproj", "{5F9789DD-0E70-466B-820A-67A3ECAE30B6}"
EndProject
Project("{8BC9CEB8-8B4A-11D0-8D11-00A0C91BC942}") = "Project5", "Project5\Project5.vcxproj", "{565B289F-B7E8-4357-95C0-F2B90560657E}"
EndProject
Project("{8BC9CEB8-8B4A-11D0-8D11-00A0C91BC942}") = "Project6", "Project6\Project6.vcxproj", "{C07B8156-C5CC-4AE0-84FF-5C9CCDBD7061}"
EndProject
Project("{8BC9CEB8-8B4A-11D0-8D11-00A0C91BC942}") = "Project7", "Project7\Project7.vcxproj", "{C4CDF81A-3D57-49CF-AB8A-67ED1E16B1E1}"
EndProject
Project("{8BC9CEB8-8B4A-11D0-8D11-00A0C91BC942}") = "Project8", "Project8\Project8.vcxproj", "{5C126EDB-6FB2-4BF2-BBA3-17895B69ECE9}"
EndProject
Project("{8BC9CEB8-8B4A-11D0-8D11-00A0C91BC942}") = "Project9", "Project9\Project9.vcxproj", "{F4E18505-5DF9-40CE-9F56-D665769CC1CA}"
EndProject
Project("{8BC9CEB8-8B4A-11D0-8D11-00A0C91BC942}") = "Project10", "Project10\Project10.vcxproj", "{D5069D6E-FF87-4988-9CCF-2AD58DC7B44C}"
EndProject
Project("{8BC9CEB8-8B4A-11D0-8D11-00A0C91BC942}") = "Project11", "Project11\Project11.vcxproj", "{231F89B0-E74E-47DD-A8F6-BD46A0D0652F}"
EndProject
Project("{8BC9CEB8-8B4A-11D0-8D11-00A0C91BC942}") = "Project12", "Project12\Project12.vcxproj", "{6019AD3F-8D8E-4CA4-AEF6-C17D13EBB454}"
EndProject
Project("{8BC9CEB8-8B4A-11D0-8D11-00A0C91BC942}") = "Project11_dz", "Project11_dz\Project11_dz.vcxproj", "{37357EFE-50C6-4D99-912C-30236112034D}"
EndProject
Project("{8BC9CEB8-8B4A-11D0-8D11-00A0C91BC942}") = "Project13", "Project13\Project13.vcxproj", "{78A974D2-479A-43FF-9B4A-595B80D91C23}"
EndProject
Project("{8BC9CEB8-8B4A-11D0-8D11-00A0C91BC942}") = "Project14_dz", "Project14_dz\Project14_dz.vcxproj", "{6357B56E-340C-4B5E-B6AD-2722E459DEFF}"
EndProject
Project("{8BC9CEB8-8B4A-11D0-8D11-00A0C91BC942}") = "Progect15_dz", "Project15\Project15.vcxproj", "{FC44BDC3-E861-4DCB-A12F-01112C936BC7}"
EndProject
Project("{8BC9CEB8-8B4A-11D0-8D11-00A0C91BC942}") = "Project16", "Project16\Project16.vcxproj", "{D0C09285-D19C-4274-A15B-E49EF0AFB1AA}"
EndProject
Project("{8BC9CEB8-8B4A-11D0-8D11-00A0C91BC942}") = "Project17", "Project17\Project17.vcxproj", "{6A7CCF45-4CF7-4672-8EA3-ED4A09772820}"
EndProject
Project("{8BC9CEB8-8B4A-11D0-8D11-00A0C91BC942}") = "Project18", "Project18\Project18.vcxproj", "{CA60EC9D-6B7D-4E19-8613-7A0C80E38233}"
EndProject
Project("{8BC9CEB8-8B4A-11D0-8D11-00A0C91BC942}") = "Project19", "Project19\Project19.vcxproj", "{E1F4F4EB-8648-46E0-9B39-854CE28E2FAA}"
EndProject
Project("{8BC9CEB8-8B4A-11D0-8D11-00A0C91BC942}") = "Project20", "Project20\Project20.vcxproj", "{7DE15762-7922-48C5-8451-72743D52C6BF}"
EndProject
Project("{8BC9CEB8-8B4A-11D0-8D11-00A0C91BC942}") = "Project21", "Project21\Project21.vcxproj", "{EE22E0CB-7DE5-46DD-9BF9-5CEC973B77FC}"
EndProject
Project("{8BC9CEB8-8B4A-11D0-8D11-00A0C91BC942}") = "Project22", "Project22\Project22.vcxproj", "{2EEBB81B-E689-46C4-AFA2-C38834B32EC0}"
EndProject
Project("{8BC9CEB8-8B4A-11D0-8D11-00A0C91BC942}") = "Project23_dz", "Project23_dz\Project23_dz.vcxproj", "{5146C930-0FE7-4563-BA53-A37792CBFA92}"
EndProject
Project("{8BC9CEB8-8B4A-11D0-8D11-00A0C91BC942}") = "Project24", "Project24\Project24.vcxproj", "{627426DC-F1DA-40E7-956A-3A4C04B32AED}"
EndProject
Project("{8BC9CEB8-8B4A-11D0-8D11-00A0C91BC942}") = "Project25", "Project25\Project25.vcxproj", "{081F3B77-14BA-468E-939B-1926E5735C73}"
EndProject
Project("{8BC9CEB8-8B4A-11D0-8D11-00A0C91BC942}") = "Project26", "Project26\Project26.vcxproj", "{E38FA245-8BA2-4566-A1CB-947FC9662CE8}"
EndProject
Project("{8BC9CEB8-8B4A-11D0-8D11-00A0C91BC942}") = "Project27", "Project27\Project27.vcxproj", "{5E4D2CFE-08A1-41DF-87E7-1BA02FCB816C}"
EndProject
Project("{8BC9CEB8-8B4A-11D0-8D11-00A0C91BC942}") = "Project28", "Project28\Project28.vcxproj", "{E98A360B-3BB1-4BE8-B8EC-A489403DE364}"
EndProject
Project("{8BC9CEB8-8B4A-11D0-8D11-00A0C91BC942}") = "Project29_dz", "Project29_dz\Project29_dz.vcxproj", "{03029E36-A41C-4662-8C60-D88D73CCF6A5}"
EndProject
Project("{8BC9CEB8-8B4A-11D0-8D11-00A0C91BC942}") = "Project30_dz", "Project30_dz\Project30_dz.vcxproj", "{AC1F1EDF-9BD3-44A3-A72F-CDF7CE171E80}"
EndProject
Project("{8BC9CEB8-8B4A-11D0-8D11-00A0C91BC942}") = "Project32", "Project32\Project32.vcxproj", "{54AD9B52-8BE1-4696-8AA8-45B4E0CC24C8}"
EndProject
Project("{8BC9CEB8-8B4A-11D0-8D11-00A0C91BC942}") = "Project31_is", "Project31_is\Project31_is.vcxproj", "{BF62BA83-F4C5-4861-9AF1-F6DEE6A8B3A8}"
EndProject
Project("{8BC9CEB8-8B4A-11D0-8D11-00A0C91BC942}") = "Project33", "Project33\Project33.vcxproj", "{4458F720-B8E4-455C-99C1-3A18ADA8BB78}"
EndProject
Project("{8BC9CEB8-8B4A-11D0-8D11-00A0C91BC942}") = "Project34", "Project34\Project34.vcxproj", "{5DE3EAE4-9229-4B95-8A96-B86A5D756AE6}"
EndProject
Project("{8BC9CEB8-8B4A-11D0-8D11-00A0C91BC942}") = "Project35", "Project35\Project35.vcxproj", "{F0691FE8-E179-4F70-BC3B-54ABC69612B7}"
EndProject
Project("{8BC9CEB8-8B4A-11D0-8D11-00A0C91BC942}") = "Project36", "Project36\Project36.vcxproj", "{D918EBC0-B90F-4EE1-8C84-8DE2AFDC9067}"
EndProject
Project("{8BC9CEB8-8B4A-11D0-8D11-00A0C91BC942}") = "Project37", "Project37\Project37.vcxproj", "{94FEC5ED-E466-4056-AE6B-92F568264312}"
EndProject
Project("{8BC9CEB8-8B4A-11D0-8D11-00A0C91BC942}") = "Project38", "Project38\Project38.vcxproj", "{254CAD7E-612F-4F7A-9FA0-89360C107C36}"
EndProject
Project("{8BC9CEB8-8B4A-11D0-8D11-00A0C91BC942}") = "Project39", "Project39\Project39.vcxproj", "{CB9C321F-2D36-43E7-8B8B-7D6BB0299EB1}"
EndProject
Project("{8BC9CEB8-8B4A-11D0-8D11-00A0C91BC942}") = "Project40", "Project40\Project40.vcxproj", "{63C907D7-276F-4526-81CA-7AA8AD8BEFF9}"
EndProject
Project("{8BC9CEB8-8B4A-11D0-8D11-00A0C91BC942}") = "Project41", "Project41\Project41.vcxproj", "{9D53A505-CEAA-4F0F-8A2B-D1DCF105F48F}"
EndProject
Project("{8BC9CEB8-8B4A-11D0-8D11-00A0C91BC942}") = "Project42", "Project42\Project42.vcxproj", "{D8B2B503-A963-47FC-BF70-68BBD808C9B3}"
EndProject
Project("{8BC9CEB8-8B4A-11D0-8D11-00A0C91BC942}") = "Project43", "Project43\Project43.vcxproj", "{96AEEB6D-4808-46AA-B57B-2BFAB074C957}"
EndProject
Project("{8BC9CEB8-8B4A-11D0-8D11-00A0C91BC942}") = "Project44", "Project44\Project44.vcxproj", "{F0B49F5C-DFD9-421B-B2BC-71307F0E0A97}"
EndProject
Project("{8BC9CEB8-8B4A-11D0-8D11-00A0C91BC942}") = "Project45", "Project45\Project45.vcxproj", "{2E5F71BE-A29F-46EA-AD5F-9B3EF769E762}"
EndProject
Project("{8BC9CEB8-8B4A-11D0-8D11-00A0C91BC942}") = "Project46", "Project46\Project46.vcxproj", "{21EC217C-9D19-4258-9C43-232516AFD140}"
EndProject
Project("{8BC9CEB8-8B4A-11D0-8D11-00A0C91BC942}") = "Project47", "Project47\Project47.vcxproj", "{C4B5F7C8-695D-4746-8622-69D8CAD70B3F}"
EndProject
Project("{8BC9CEB8-8B4A-11D0-8D11-00A0C91BC942}") = "Project48", "Project48\Project48.vcxproj", "{04646A3D-2FE3-4030-93AF-F9AB2A5AC4F4}"
EndProject
Project("{8BC9CEB8-8B4A-11D0-8D11-00A0C91BC942}") = "Project49", "Project49\Project49.vcxproj", "{1850BB51-0F45-49C5-BB41-4A5C4E9FD058}"
EndProject
Project("{8BC9CEB8-8B4A-11D0-8D11-00A0C91BC942}") = "Project50", "Project50\Project50.vcxproj", "{FFB06596-0A2C-4242-99C5-5AD1508112C2}"
EndProject
Project("{8BC9CEB8-8B4A-11D0-8D11-00A0C91BC942}") = "Project51_DZ", "Project51\Project51.vcxproj", "{1BC0E5AF-C228-4884-94A0-6AB3C8F84501}"
EndProject
Project("{8BC9CEB8-8B4A-11D0-8D11-00A0C91BC942}") = "Project52", "Project52\Project52.vcxproj", "{4DFE3646-73A0-48ED-A277-0177AECEF2A2}"
EndProject
Project("{8BC9CEB8-8B4A-11D0-8D11-00A0C91BC942}") = "Project53", "Project53\Project53.vcxproj", "{C346DBB2-403E-45F3-B75B-3CFF141F2D85}"
EndProject
Project("{8BC9CEB8-8B4A-11D0-8D11-00A0C91BC942}") = "Project54", "Project54\Project54.vcxproj", "{273883BC-34B0-40CD-A7F8-0D136D8A1FD5}"
EndProject
Project("{8BC9CEB8-8B4A-11D0-8D11-00A0C91BC942}") = "Project55_DZ", "Project55_DZ\Project55_DZ.vcxproj", "{878AADED-4B24-4FFE-9E67-8846E96E83F1}"
EndProject
Project("{8BC9CEB8-8B4A-11D0-8D11-00A0C91BC942}") = "Project56", "Project56\Project56.vcxproj", "{49CC4CAB-C185-40B4-9146-34304B623095}"
EndProject
Project("{8BC9CEB8-8B4A-11D0-8D11-00A0C91BC942}") = "Project57", "Project57\Project57.vcxproj", "{4C5D1FB7-86A0-4935-B633-E56C360828D5}"
EndProject
Project("{8BC9CEB8-8B4A-11D0-8D11-00A0C91BC942}") = "Project58", "Project58\Project58.vcxproj", "{96C62324-F0AA-4177-970E-9F511727C162}"
EndProject
Project("{8BC9CEB8-8B4A-11D0-8D11-00A0C91BC942}") = "Project59", "Project59\Project59.vcxproj", "{AC9A9A73-2380-4E45-BC0C-5181A578E307}"
EndProject
Project("{8BC9CEB8-8B4A-11D0-8D11-00A0C91BC942}") = "Project60", "Project60\Project60.vcxproj", "{F0B44439-F0A7-429E-8F46-42CD38A30220}"
EndProject
Project("{8BC9CEB8-8B4A-11D0-8D11-00A0C91BC942}") = "Project61", "Project61\Project61.vcxproj", "{673207CC-3013-4642-A434-7A22C8D1BE4E}"
EndProject
Project("{8BC9CEB8-8B4A-11D0-8D11-00A0C91BC942}") = "Project62", "Project62\Project62.vcxproj", "{B4C73833-D05C-435F-9B38-8DCA5C4EF60E}"
EndProject
Project("{8BC9CEB8-8B4A-11D0-8D11-00A0C91BC942}") = "Project63", "Project63\Project63.vcxproj", "{4A550545-357C-4756-9DB4-5D1E6DD63036}"
EndProject
Project("{8BC9CEB8-8B4A-11D0-8D11-00A0C91BC942}") = "Project64", "Project64\Project64.vcxproj", "{8F8DE666-EEF9-4AD6-A724-4FA3A9472AE5}"
EndProject
Project("{8BC9CEB8-8B4A-11D0-8D11-00A0C91BC942}") = "Project65", "Project65\Project65.vcxproj", "{9E6B7A3E-61F2-4097-A5C3-44579F9B819A}"
EndProject
Project("{8BC9CEB8-8B4A-11D0-8D11-00A0C91BC942}") = "Project66_DZ", "Project66_DZ\Project66_DZ.vcxproj", "{9D1F5012-A9CB-4A5A-B884-FECA796D5752}"
EndProject
Project("{8BC9CEB8-8B4A-11D0-8D11-00A0C91BC942}") = "Project67", "Project67\Project67.vcxproj", "{AC074F3F-A541-4DE8-A060-B38C451470A0}"
EndProject
Global
	GlobalSection(SolutionConfigurationPlatforms) = preSolution
		Debug|x64 = Debug|x64
		Debug|x86 = Debug|x86
		Release|x64 = Release|x64
		Release|x86 = Release|x86
	EndGlobalSection
	GlobalSection(ProjectConfigurationPlatforms) = postSolution
		{802B0F96-A70A-4F45-9634-367EF4EEDD82}.Debug|x64.ActiveCfg = Debug|x64
		{802B0F96-A70A-4F45-9634-367EF4EEDD82}.Debug|x64.Build.0 = Debug|x64
		{802B0F96-A70A-4F45-9634-367EF4EEDD82}.Debug|x86.ActiveCfg = Debug|Win32
		{802B0F96-A70A-4F45-9634-367EF4EEDD82}.Debug|x86.Build.0 = Debug|Win32
		{802B0F96-A70A-4F45-9634-367EF4EEDD82}.Release|x64.ActiveCfg = Release|x64
		{802B0F96-A70A-4F45-9634-367EF4EEDD82}.Release|x64.Build.0 = Release|x64
		{802B0F96-A70A-4F45-9634-367EF4EEDD82}.Release|x86.ActiveCfg = Release|Win32
		{802B0F96-A70A-4F45-9634-367EF4EEDD82}.Release|x86.Build.0 = Release|Win32
		{BAC7B4DF-9848-4125-97C6-139FD9C6E6EC}.Debug|x64.ActiveCfg = Debug|x64
		{BAC7B4DF-9848-4125-97C6-139FD9C6E6EC}.Debug|x64.Build.0 = Debug|x64
		{BAC7B4DF-9848-4125-97C6-139FD9C6E6EC}.Debug|x86.ActiveCfg = Debug|Win32
		{BAC7B4DF-9848-4125-97C6-139FD9C6E6EC}.Debug|x86.Build.0 = Debug|Win32
		{BAC7B4DF-9848-4125-97C6-139FD9C6E6EC}.Release|x64.ActiveCfg = Release|x64
		{BAC7B4DF-9848-4125-97C6-139FD9C6E6EC}.Release|x64.Build.0 = Release|x64
		{BAC7B4DF-9848-4125-97C6-139FD9C6E6EC}.Release|x86.ActiveCfg = Release|Win32
		{BAC7B4DF-9848-4125-97C6-139FD9C6E6EC}.Release|x86.Build.0 = Release|Win32
		{3830420A-C7E0-4567-914B-85040BE42F20}.Debug|x64.ActiveCfg = Debug|x64
		{3830420A-C7E0-4567-914B-85040BE42F20}.Debug|x64.Build.0 = Debug|x64
		{3830420A-C7E0-4567-914B-85040BE42F20}.Debug|x86.ActiveCfg = Debug|Win32
		{3830420A-C7E0-4567-914B-85040BE42F20}.Debug|x86.Build.0 = Debug|Win32
		{3830420A-C7E0-4567-914B-85040BE42F20}.Release|x64.ActiveCfg = Release|x64
		{3830420A-C7E0-4567-914B-85040BE42F20}.Release|x64.Build.0 = Release|x64
		{3830420A-C7E0-4567-914B-85040BE42F20}.Release|x86.ActiveCfg = Release|Win32
		{3830420A-C7E0-4567-914B-85040BE42F20}.Release|x86.Build.0 = Release|Win32
		{5F9789DD-0E70-466B-820A-67A3ECAE30B6}.Debug|x64.ActiveCfg = Debug|x64
		{5F9789DD-0E70-466B-820A-67A3ECAE30B6}.Debug|x64.Build.0 = Debug|x64
		{5F9789DD-0E70-466B-820A-67A3ECAE30B6}.Debug|x86.ActiveCfg = Debug|Win32
		{5F9789DD-0E70-466B-820A-67A3ECAE30B6}.Debug|x86.Build.0 = Debug|Win32
		{5F9789DD-0E70-466B-820A-67A3ECAE30B6}.Release|x64.ActiveCfg = Release|x64
		{5F9789DD-0E70-466B-820A-67A3ECAE30B6}.Release|x64.Build.0 = Release|x64
		{5F9789DD-0E70-466B-820A-67A3ECAE30B6}.Release|x86.ActiveCfg = Release|Win32
		{5F9789DD-0E70-466B-820A-67A3ECAE30B6}.Release|x86.Build.0 = Release|Win32
		{565B289F-B7E8-4357-95C0-F2B90560657E}.Debug|x64.ActiveCfg = Debug|x64
		{565B289F-B7E8-4357-95C0-F2B90560657E}.Debug|x64.Build.0 = Debug|x64
		{565B289F-B7E8-4357-95C0-F2B90560657E}.Debug|x86.ActiveCfg = Debug|Win32
		{565B289F-B7E8-4357-95C0-F2B90560657E}.Debug|x86.Build.0 = Debug|Win32
		{565B289F-B7E8-4357-95C0-F2B90560657E}.Release|x64.ActiveCfg = Release|x64
		{565B289F-B7E8-4357-95C0-F2B90560657E}.Release|x64.Build.0 = Release|x64
		{565B289F-B7E8-4357-95C0-F2B90560657E}.Release|x86.ActiveCfg = Release|Win32
		{565B289F-B7E8-4357-95C0-F2B90560657E}.Release|x86.Build.0 = Release|Win32
		{C07B8156-C5CC-4AE0-84FF-5C9CCDBD7061}.Debug|x64.ActiveCfg = Debug|x64
		{C07B8156-C5CC-4AE0-84FF-5C9CCDBD7061}.Debug|x64.Build.0 = Debug|x64
		{C07B8156-C5CC-4AE0-84FF-5C9CCDBD7061}.Debug|x86.ActiveCfg = Debug|Win32
		{C07B8156-C5CC-4AE0-84FF-5C9CCDBD7061}.Debug|x86.Build.0 = Debug|Win32
		{C07B8156-C5CC-4AE0-84FF-5C9CCDBD7061}.Release|x64.ActiveCfg = Release|x64
		{C07B8156-C5CC-4AE0-84FF-5C9CCDBD7061}.Release|x64.Build.0 = Release|x64
		{C07B8156-C5CC-4AE0-84FF-5C9CCDBD7061}.Release|x86.ActiveCfg = Release|Win32
		{C07B8156-C5CC-4AE0-84FF-5C9CCDBD7061}.Release|x86.Build.0 = Release|Win32
		{C4CDF81A-3D57-49CF-AB8A-67ED1E16B1E1}.Debug|x64.ActiveCfg = Debug|x64
		{C4CDF81A-3D57-49CF-AB8A-67ED1E16B1E1}.Debug|x64.Build.0 = Debug|x64
		{C4CDF81A-3D57-49CF-AB8A-67ED1E16B1E1}.Debug|x86.ActiveCfg = Debug|Win32
		{C4CDF81A-3D57-49CF-AB8A-67ED1E16B1E1}.Debug|x86.Build.0 = Debug|Win32
		{C4CDF81A-3D57-49CF-AB8A-67ED1E16B1E1}.Release|x64.ActiveCfg = Release|x64
		{C4CDF81A-3D57-49CF-AB8A-67ED1E16B1E1}.Release|x64.Build.0 = Release|x64
		{C4CDF81A-3D57-49CF-AB8A-67ED1E16B1E1}.Release|x86.ActiveCfg = Release|Win32
		{C4CDF81A-3D57-49CF-AB8A-67ED1E16B1E1}.Release|x86.Build.0 = Release|Win32
		{5C126EDB-6FB2-4BF2-BBA3-17895B69ECE9}.Debug|x64.ActiveCfg = Debug|x64
		{5C126EDB-6FB2-4BF2-BBA3-17895B69ECE9}.Debug|x64.Build.0 = Debug|x64
		{5C126EDB-6FB2-4BF2-BBA3-17895B69ECE9}.Debug|x86.ActiveCfg = Debug|Win32
		{5C126EDB-6FB2-4BF2-BBA3-17895B69ECE9}.Debug|x86.Build.0 = Debug|Win32
		{5C126EDB-6FB2-4BF2-BBA3-17895B69ECE9}.Release|x64.ActiveCfg = Release|x64
		{5C126EDB-6FB2-4BF2-BBA3-17895B69ECE9}.Release|x64.Build.0 = Release|x64
		{5C126EDB-6FB2-4BF2-BBA3-17895B69ECE9}.Release|x86.ActiveCfg = Release|Win32
		{5C126EDB-6FB2-4BF2-BBA3-17895B69ECE9}.Release|x86.Build.0 = Release|Win32
		{F4E18505-5DF9-40CE-9F56-D665769CC1CA}.Debug|x64.ActiveCfg = Debug|x64
		{F4E18505-5DF9-40CE-9F56-D665769CC1CA}.Debug|x64.Build.0 = Debug|x64
		{F4E18505-5DF9-40CE-9F56-D665769CC1CA}.Debug|x86.ActiveCfg = Debug|Win32
		{F4E18505-5DF9-40CE-9F56-D665769CC1CA}.Debug|x86.Build.0 = Debug|Win32
		{F4E18505-5DF9-40CE-9F56-D665769CC1CA}.Release|x64.ActiveCfg = Release|x64
		{F4E18505-5DF9-40CE-9F56-D665769CC1CA}.Release|x64.Build.0 = Release|x64
		{F4E18505-5DF9-40CE-9F56-D665769CC1CA}.Release|x86.ActiveCfg = Release|Win32
		{F4E18505-5DF9-40CE-9F56-D665769CC1CA}.Release|x86.Build.0 = Release|Win32
		{D5069D6E-FF87-4988-9CCF-2AD58DC7B44C}.Debug|x64.ActiveCfg = Debug|x64
		{D5069D6E-FF87-4988-9CCF-2AD58DC7B44C}.Debug|x64.Build.0 = Debug|x64
		{D5069D6E-FF87-4988-9CCF-2AD58DC7B44C}.Debug|x86.ActiveCfg = Debug|Win32
		{D5069D6E-FF87-4988-9CCF-2AD58DC7B44C}.Debug|x86.Build.0 = Debug|Win32
		{D5069D6E-FF87-4988-9CCF-2AD58DC7B44C}.Release|x64.ActiveCfg = Release|x64
		{D5069D6E-FF87-4988-9CCF-2AD58DC7B44C}.Release|x64.Build.0 = Release|x64
		{D5069D6E-FF87-4988-9CCF-2AD58DC7B44C}.Release|x86.ActiveCfg = Release|Win32
		{D5069D6E-FF87-4988-9CCF-2AD58DC7B44C}.Release|x86.Build.0 = Release|Win32
		{231F89B0-E74E-47DD-A8F6-BD46A0D0652F}.Debug|x64.ActiveCfg = Debug|x64
		{231F89B0-E74E-47DD-A8F6-BD46A0D0652F}.Debug|x64.Build.0 = Debug|x64
		{231F89B0-E74E-47DD-A8F6-BD46A0D0652F}.Debug|x86.ActiveCfg = Debug|Win32
		{231F89B0-E74E-47DD-A8F6-BD46A0D0652F}.Debug|x86.Build.0 = Debug|Win32
		{231F89B0-E74E-47DD-A8F6-BD46A0D0652F}.Release|x64.ActiveCfg = Release|x64
		{231F89B0-E74E-47DD-A8F6-BD46A0D0652F}.Release|x64.Build.0 = Release|x64
		{231F89B0-E74E-47DD-A8F6-BD46A0D0652F}.Release|x86.ActiveCfg = Release|Win32
		{231F89B0-E74E-47DD-A8F6-BD46A0D0652F}.Release|x86.Build.0 = Release|Win32
		{6019AD3F-8D8E-4CA4-AEF6-C17D13EBB454}.Debug|x64.ActiveCfg = Debug|x64
		{6019AD3F-8D8E-4CA4-AEF6-C17D13EBB454}.Debug|x64.Build.0 = Debug|x64
		{6019AD3F-8D8E-4CA4-AEF6-C17D13EBB454}.Debug|x86.ActiveCfg = Debug|Win32
		{6019AD3F-8D8E-4CA4-AEF6-C17D13EBB454}.Debug|x86.Build.0 = Debug|Win32
		{6019AD3F-8D8E-4CA4-AEF6-C17D13EBB454}.Release|x64.ActiveCfg = Release|x64
		{6019AD3F-8D8E-4CA4-AEF6-C17D13EBB454}.Release|x64.Build.0 = Release|x64
		{6019AD3F-8D8E-4CA4-AEF6-C17D13EBB454}.Release|x86.ActiveCfg = Release|Win32
		{6019AD3F-8D8E-4CA4-AEF6-C17D13EBB454}.Release|x86.Build.0 = Release|Win32
		{37357EFE-50C6-4D99-912C-30236112034D}.Debug|x64.ActiveCfg = Debug|x64
		{37357EFE-50C6-4D99-912C-30236112034D}.Debug|x64.Build.0 = Debug|x64
		{37357EFE-50C6-4D99-912C-30236112034D}.Debug|x86.ActiveCfg = Debug|Win32
		{37357EFE-50C6-4D99-912C-30236112034D}.Debug|x86.Build.0 = Debug|Win32
		{37357EFE-50C6-4D99-912C-30236112034D}.Release|x64.ActiveCfg = Release|x64
		{37357EFE-50C6-4D99-912C-30236112034D}.Release|x64.Build.0 = Release|x64
		{37357EFE-50C6-4D99-912C-30236112034D}.Release|x86.ActiveCfg = Release|Win32
		{37357EFE-50C6-4D99-912C-30236112034D}.Release|x86.Build.0 = Release|Win32
		{78A974D2-479A-43FF-9B4A-595B80D91C23}.Debug|x64.ActiveCfg = Debug|x64
		{78A974D2-479A-43FF-9B4A-595B80D91C23}.Debug|x64.Build.0 = Debug|x64
		{78A974D2-479A-43FF-9B4A-595B80D91C23}.Debug|x86.ActiveCfg = Debug|Win32
		{78A974D2-479A-43FF-9B4A-595B80D91C23}.Debug|x86.Build.0 = Debug|Win32
		{78A974D2-479A-43FF-9B4A-595B80D91C23}.Release|x64.ActiveCfg = Release|x64
		{78A974D2-479A-43FF-9B4A-595B80D91C23}.Release|x64.Build.0 = Release|x64
		{78A974D2-479A-43FF-9B4A-595B80D91C23}.Release|x86.ActiveCfg = Release|Win32
		{78A974D2-479A-43FF-9B4A-595B80D91C23}.Release|x86.Build.0 = Release|Win32
		{6357B56E-340C-4B5E-B6AD-2722E459DEFF}.Debug|x64.ActiveCfg = Debug|x64
		{6357B56E-340C-4B5E-B6AD-2722E459DEFF}.Debug|x64.Build.0 = Debug|x64
		{6357B56E-340C-4B5E-B6AD-2722E459DEFF}.Debug|x86.ActiveCfg = Debug|Win32
		{6357B56E-340C-4B5E-B6AD-2722E459DEFF}.Debug|x86.Build.0 = Debug|Win32
		{6357B56E-340C-4B5E-B6AD-2722E459DEFF}.Release|x64.ActiveCfg = Release|x64
		{6357B56E-340C-4B5E-B6AD-2722E459DEFF}.Release|x64.Build.0 = Release|x64
		{6357B56E-340C-4B5E-B6AD-2722E459DEFF}.Release|x86.ActiveCfg = Release|Win32
		{6357B56E-340C-4B5E-B6AD-2722E459DEFF}.Release|x86.Build.0 = Release|Win32
		{FC44BDC3-E861-4DCB-A12F-01112C936BC7}.Debug|x64.ActiveCfg = Debug|x64
		{FC44BDC3-E861-4DCB-A12F-01112C936BC7}.Debug|x64.Build.0 = Debug|x64
		{FC44BDC3-E861-4DCB-A12F-01112C936BC7}.Debug|x86.ActiveCfg = Debug|Win32
		{FC44BDC3-E861-4DCB-A12F-01112C936BC7}.Debug|x86.Build.0 = Debug|Win32
		{FC44BDC3-E861-4DCB-A12F-01112C936BC7}.Release|x64.ActiveCfg = Release|x64
		{FC44BDC3-E861-4DCB-A12F-01112C936BC7}.Release|x64.Build.0 = Release|x64
		{FC44BDC3-E861-4DCB-A12F-01112C936BC7}.Release|x86.ActiveCfg = Release|Win32
		{FC44BDC3-E861-4DCB-A12F-01112C936BC7}.Release|x86.Build.0 = Release|Win32
		{D0C09285-D19C-4274-A15B-E49EF0AFB1AA}.Debug|x64.ActiveCfg = Debug|x64
		{D0C09285-D19C-4274-A15B-E49EF0AFB1AA}.Debug|x64.Build.0 = Debug|x64
		{D0C09285-D19C-4274-A15B-E49EF0AFB1AA}.Debug|x86.ActiveCfg = Debug|Win32
		{D0C09285-D19C-4274-A15B-E49EF0AFB1AA}.Debug|x86.Build.0 = Debug|Win32
		{D0C09285-D19C-4274-A15B-E49EF0AFB1AA}.Release|x64.ActiveCfg = Release|x64
		{D0C09285-D19C-4274-A15B-E49EF0AFB1AA}.Release|x64.Build.0 = Release|x64
		{D0C09285-D19C-4274-A15B-E49EF0AFB1AA}.Release|x86.ActiveCfg = Release|Win32
		{D0C09285-D19C-4274-A15B-E49EF0AFB1AA}.Release|x86.Build.0 = Release|Win32
		{6A7CCF45-4CF7-4672-8EA3-ED4A09772820}.Debug|x64.ActiveCfg = Debug|x64
		{6A7CCF45-4CF7-4672-8EA3-ED4A09772820}.Debug|x64.Build.0 = Debug|x64
		{6A7CCF45-4CF7-4672-8EA3-ED4A09772820}.Debug|x86.ActiveCfg = Debug|Win32
		{6A7CCF45-4CF7-4672-8EA3-ED4A09772820}.Debug|x86.Build.0 = Debug|Win32
		{6A7CCF45-4CF7-4672-8EA3-ED4A09772820}.Release|x64.ActiveCfg = Release|x64
		{6A7CCF45-4CF7-4672-8EA3-ED4A09772820}.Release|x64.Build.0 = Release|x64
		{6A7CCF45-4CF7-4672-8EA3-ED4A09772820}.Release|x86.ActiveCfg = Release|Win32
		{6A7CCF45-4CF7-4672-8EA3-ED4A09772820}.Release|x86.Build.0 = Release|Win32
		{CA60EC9D-6B7D-4E19-8613-7A0C80E38233}.Debug|x64.ActiveCfg = Debug|x64
		{CA60EC9D-6B7D-4E19-8613-7A0C80E38233}.Debug|x64.Build.0 = Debug|x64
		{CA60EC9D-6B7D-4E19-8613-7A0C80E38233}.Debug|x86.ActiveCfg = Debug|Win32
		{CA60EC9D-6B7D-4E19-8613-7A0C80E38233}.Debug|x86.Build.0 = Debug|Win32
		{CA60EC9D-6B7D-4E19-8613-7A0C80E38233}.Release|x64.ActiveCfg = Release|x64
		{CA60EC9D-6B7D-4E19-8613-7A0C80E38233}.Release|x64.Build.0 = Release|x64
		{CA60EC9D-6B7D-4E19-8613-7A0C80E38233}.Release|x86.ActiveCfg = Release|Win32
		{CA60EC9D-6B7D-4E19-8613-7A0C80E38233}.Release|x86.Build.0 = Release|Win32
		{E1F4F4EB-8648-46E0-9B39-854CE28E2FAA}.Debug|x64.ActiveCfg = Debug|x64
		{E1F4F4EB-8648-46E0-9B39-854CE28E2FAA}.Debug|x64.Build.0 = Debug|x64
		{E1F4F4EB-8648-46E0-9B39-854CE28E2FAA}.Debug|x86.ActiveCfg = Debug|Win32
		{E1F4F4EB-8648-46E0-9B39-854CE28E2FAA}.Debug|x86.Build.0 = Debug|Win32
		{E1F4F4EB-8648-46E0-9B39-854CE28E2FAA}.Release|x64.ActiveCfg = Release|x64
		{E1F4F4EB-8648-46E0-9B39-854CE28E2FAA}.Release|x64.Build.0 = Release|x64
		{E1F4F4EB-8648-46E0-9B39-854CE28E2FAA}.Release|x86.ActiveCfg = Release|Win32
		{E1F4F4EB-8648-46E0-9B39-854CE28E2FAA}.Release|x86.Build.0 = Release|Win32
		{7DE15762-7922-48C5-8451-72743D52C6BF}.Debug|x64.ActiveCfg = Debug|x64
		{7DE15762-7922-48C5-8451-72743D52C6BF}.Debug|x64.Build.0 = Debug|x64
		{7DE15762-7922-48C5-8451-72743D52C6BF}.Debug|x86.ActiveCfg = Debug|Win32
		{7DE15762-7922-48C5-8451-72743D52C6BF}.Debug|x86.Build.0 = Debug|Win32
		{7DE15762-7922-48C5-8451-72743D52C6BF}.Release|x64.ActiveCfg = Release|x64
		{7DE15762-7922-48C5-8451-72743D52C6BF}.Release|x64.Build.0 = Release|x64
		{7DE15762-7922-48C5-8451-72743D52C6BF}.Release|x86.ActiveCfg = Release|Win32
		{7DE15762-7922-48C5-8451-72743D52C6BF}.Release|x86.Build.0 = Release|Win32
		{EE22E0CB-7DE5-46DD-9BF9-5CEC973B77FC}.Debug|x64.ActiveCfg = Debug|x64
		{EE22E0CB-7DE5-46DD-9BF9-5CEC973B77FC}.Debug|x64.Build.0 = Debug|x64
		{EE22E0CB-7DE5-46DD-9BF9-5CEC973B77FC}.Debug|x86.ActiveCfg = Debug|Win32
		{EE22E0CB-7DE5-46DD-9BF9-5CEC973B77FC}.Debug|x86.Build.0 = Debug|Win32
		{EE22E0CB-7DE5-46DD-9BF9-5CEC973B77FC}.Release|x64.ActiveCfg = Release|x64
		{EE22E0CB-7DE5-46DD-9BF9-5CEC973B77FC}.Release|x64.Build.0 = Release|x64
		{EE22E0CB-7DE5-46DD-9BF9-5CEC973B77FC}.Release|x86.ActiveCfg = Release|Win32
		{EE22E0CB-7DE5-46DD-9BF9-5CEC973B77FC}.Release|x86.Build.0 = Release|Win32
		{2EEBB81B-E689-46C4-AFA2-C38834B32EC0}.Debug|x64.ActiveCfg = Debug|x64
		{2EEBB81B-E689-46C4-AFA2-C38834B32EC0}.Debug|x64.Build.0 = Debug|x64
		{2EEBB81B-E689-46C4-AFA2-C38834B32EC0}.Debug|x86.ActiveCfg = Debug|Win32
		{2EEBB81B-E689-46C4-AFA2-C38834B32EC0}.Debug|x86.Build.0 = Debug|Win32
		{2EEBB81B-E689-46C4-AFA2-C38834B32EC0}.Release|x64.ActiveCfg = Release|x64
		{2EEBB81B-E689-46C4-AFA2-C38834B32EC0}.Release|x64.Build.0 = Release|x64
		{2EEBB81B-E689-46C4-AFA2-C38834B32EC0}.Release|x86.ActiveCfg = Release|Win32
		{2EEBB81B-E689-46C4-AFA2-C38834B32EC0}.Release|x86.Build.0 = Release|Win32
		{5146C930-0FE7-4563-BA53-A37792CBFA92}.Debug|x64.ActiveCfg = Debug|x64
		{5146C930-0FE7-4563-BA53-A37792CBFA92}.Debug|x64.Build.0 = Debug|x64
		{5146C930-0FE7-4563-BA53-A37792CBFA92}.Debug|x86.ActiveCfg = Debug|Win32
		{5146C930-0FE7-4563-BA53-A37792CBFA92}.Debug|x86.Build.0 = Debug|Win32
		{5146C930-0FE7-4563-BA53-A37792CBFA92}.Release|x64.ActiveCfg = Release|x64
		{5146C930-0FE7-4563-BA53-A37792CBFA92}.Release|x64.Build.0 = Release|x64
		{5146C930-0FE7-4563-BA53-A37792CBFA92}.Release|x86.ActiveCfg = Release|Win32
		{5146C930-0FE7-4563-BA53-A37792CBFA92}.Release|x86.Build.0 = Release|Win32
		{627426DC-F1DA-40E7-956A-3A4C04B32AED}.Debug|x64.ActiveCfg = Debug|x64
		{627426DC-F1DA-40E7-956A-3A4C04B32AED}.Debug|x64.Build.0 = Debug|x64
		{627426DC-F1DA-40E7-956A-3A4C04B32AED}.Debug|x86.ActiveCfg = Debug|Win32
		{627426DC-F1DA-40E7-956A-3A4C04B32AED}.Debug|x86.Build.0 = Debug|Win32
		{627426DC-F1DA-40E7-956A-3A4C04B32AED}.Release|x64.ActiveCfg = Release|x64
		{627426DC-F1DA-40E7-956A-3A4C04B32AED}.Release|x64.Build.0 = Release|x64
		{627426DC-F1DA-40E7-956A-3A4C04B32AED}.Release|x86.ActiveCfg = Release|Win32
		{627426DC-F1DA-40E7-956A-3A4C04B32AED}.Release|x86.Build.0 = Release|Win32
		{081F3B77-14BA-468E-939B-1926E5735C73}.Debug|x64.ActiveCfg = Debug|x64
		{081F3B77-14BA-468E-939B-1926E5735C73}.Debug|x64.Build.0 = Debug|x64
		{081F3B77-14BA-468E-939B-1926E5735C73}.Debug|x86.ActiveCfg = Debug|Win32
		{081F3B77-14BA-468E-939B-1926E5735C73}.Debug|x86.Build.0 = Debug|Win32
		{081F3B77-14BA-468E-939B-1926E5735C73}.Release|x64.ActiveCfg = Release|x64
		{081F3B77-14BA-468E-939B-1926E5735C73}.Release|x64.Build.0 = Release|x64
		{081F3B77-14BA-468E-939B-1926E5735C73}.Release|x86.ActiveCfg = Release|Win32
		{081F3B77-14BA-468E-939B-1926E5735C73}.Release|x86.Build.0 = Release|Win32
		{E38FA245-8BA2-4566-A1CB-947FC9662CE8}.Debug|x64.ActiveCfg = Debug|x64
		{E38FA245-8BA2-4566-A1CB-947FC9662CE8}.Debug|x64.Build.0 = Debug|x64
		{E38FA245-8BA2-4566-A1CB-947FC9662CE8}.Debug|x86.ActiveCfg = Debug|Win32
		{E38FA245-8BA2-4566-A1CB-947FC9662CE8}.Debug|x86.Build.0 = Debug|Win32
		{E38FA245-8BA2-4566-A1CB-947FC9662CE8}.Release|x64.ActiveCfg = Release|x64
		{E38FA245-8BA2-4566-A1CB-947FC9662CE8}.Release|x64.Build.0 = Release|x64
		{E38FA245-8BA2-4566-A1CB-947FC9662CE8}.Release|x86.ActiveCfg = Release|Win32
		{E38FA245-8BA2-4566-A1CB-947FC9662CE8}.Release|x86.Build.0 = Release|Win32
		{5E4D2CFE-08A1-41DF-87E7-1BA02FCB816C}.Debug|x64.ActiveCfg = Debug|x64
		{5E4D2CFE-08A1-41DF-87E7-1BA02FCB816C}.Debug|x64.Build.0 = Debug|x64
		{5E4D2CFE-08A1-41DF-87E7-1BA02FCB816C}.Debug|x86.ActiveCfg = Debug|Win32
		{5E4D2CFE-08A1-41DF-87E7-1BA02FCB816C}.Debug|x86.Build.0 = Debug|Win32
		{5E4D2CFE-08A1-41DF-87E7-1BA02FCB816C}.Release|x64.ActiveCfg = Release|x64
		{5E4D2CFE-08A1-41DF-87E7-1BA02FCB816C}.Release|x64.Build.0 = Release|x64
		{5E4D2CFE-08A1-41DF-87E7-1BA02FCB816C}.Release|x86.ActiveCfg = Release|Win32
		{5E4D2CFE-08A1-41DF-87E7-1BA02FCB816C}.Release|x86.Build.0 = Release|Win32
		{E98A360B-3BB1-4BE8-B8EC-A489403DE364}.Debug|x64.ActiveCfg = Debug|x64
		{E98A360B-3BB1-4BE8-B8EC-A489403DE364}.Debug|x64.Build.0 = Debug|x64
		{E98A360B-3BB1-4BE8-B8EC-A489403DE364}.Debug|x86.ActiveCfg = Debug|Win32
		{E98A360B-3BB1-4BE8-B8EC-A489403DE364}.Debug|x86.Build.0 = Debug|Win32
		{E98A360B-3BB1-4BE8-B8EC-A489403DE364}.Release|x64.ActiveCfg = Release|x64
		{E98A360B-3BB1-4BE8-B8EC-A489403DE364}.Release|x64.Build.0 = Release|x64
		{E98A360B-3BB1-4BE8-B8EC-A489403DE364}.Release|x86.ActiveCfg = Release|Win32
		{E98A360B-3BB1-4BE8-B8EC-A489403DE364}.Release|x86.Build.0 = Release|Win32
		{03029E36-A41C-4662-8C60-D88D73CCF6A5}.Debug|x64.ActiveCfg = Debug|x64
		{03029E36-A41C-4662-8C60-D88D73CCF6A5}.Debug|x64.Build.0 = Debug|x64
		{03029E36-A41C-4662-8C60-D88D73CCF6A5}.Debug|x86.ActiveCfg = Debug|Win32
		{03029E36-A41C-4662-8C60-D88D73CCF6A5}.Debug|x86.Build.0 = Debug|Win32
		{03029E36-A41C-4662-8C60-D88D73CCF6A5}.Release|x64.ActiveCfg = Release|x64
		{03029E36-A41C-4662-8C60-D88D73CCF6A5}.Release|x64.Build.0 = Release|x64
		{03029E36-A41C-4662-8C60-D88D73CCF6A5}.Release|x86.ActiveCfg = Release|Win32
		{03029E36-A41C-4662-8C60-D88D73CCF6A5}.Release|x86.Build.0 = Release|Win32
		{AC1F1EDF-9BD3-44A3-A72F-CDF7CE171E80}.Debug|x64.ActiveCfg = Debug|x64
		{AC1F1EDF-9BD3-44A3-A72F-CDF7CE171E80}.Debug|x64.Build.0 = Debug|x64
		{AC1F1EDF-9BD3-44A3-A72F-CDF7CE171E80}.Debug|x86.ActiveCfg = Debug|Win32
		{AC1F1EDF-9BD3-44A3-A72F-CDF7CE171E80}.Debug|x86.Build.0 = Debug|Win32
		{AC1F1EDF-9BD3-44A3-A72F-CDF7CE171E80}.Release|x64.ActiveCfg = Release|x64
		{AC1F1EDF-9BD3-44A3-A72F-CDF7CE171E80}.Release|x64.Build.0 = Release|x64
		{AC1F1EDF-9BD3-44A3-A72F-CDF7CE171E80}.Release|x86.ActiveCfg = Release|Win32
		{AC1F1EDF-9BD3-44A3-A72F-CDF7CE171E80}.Release|x86.Build.0 = Release|Win32
		{54AD9B52-8BE1-4696-8AA8-45B4E0CC24C8}.Debug|x64.ActiveCfg = Debug|x64
		{54AD9B52-8BE1-4696-8AA8-45B4E0CC24C8}.Debug|x64.Build.0 = Debug|x64
		{54AD9B52-8BE1-4696-8AA8-45B4E0CC24C8}.Debug|x86.ActiveCfg = Debug|Win32
		{54AD9B52-8BE1-4696-8AA8-45B4E0CC24C8}.Debug|x86.Build.0 = Debug|Win32
		{54AD9B52-8BE1-4696-8AA8-45B4E0CC24C8}.Release|x64.ActiveCfg = Release|x64
		{54AD9B52-8BE1-4696-8AA8-45B4E0CC24C8}.Release|x64.Build.0 = Release|x64
		{54AD9B52-8BE1-4696-8AA8-45B4E0CC24C8}.Release|x86.ActiveCfg = Release|Win32
		{54AD9B52-8BE1-4696-8AA8-45B4E0CC24C8}.Release|x86.Build.0 = Release|Win32
		{BF62BA83-F4C5-4861-9AF1-F6DEE6A8B3A8}.Debug|x64.ActiveCfg = Debug|x64
		{BF62BA83-F4C5-4861-9AF1-F6DEE6A8B3A8}.Debug|x64.Build.0 = Debug|x64
		{BF62BA83-F4C5-4861-9AF1-F6DEE6A8B3A8}.Debug|x86.ActiveCfg = Debug|Win32
		{BF62BA83-F4C5-4861-9AF1-F6DEE6A8B3A8}.Debug|x86.Build.0 = Debug|Win32
		{BF62BA83-F4C5-4861-9AF1-F6DEE6A8B3A8}.Release|x64.ActiveCfg = Release|x64
		{BF62BA83-F4C5-4861-9AF1-F6DEE6A8B3A8}.Release|x64.Build.0 = Release|x64
		{BF62BA83-F4C5-4861-9AF1-F6DEE6A8B3A8}.Release|x86.ActiveCfg = Release|Win32
		{BF62BA83-F4C5-4861-9AF1-F6DEE6A8B3A8}.Release|x86.Build.0 = Release|Win32
		{4458F720-B8E4-455C-99C1-3A18ADA8BB78}.Debug|x64.ActiveCfg = Debug|x64
		{4458F720-B8E4-455C-99C1-3A18ADA8BB78}.Debug|x64.Build.0 = Debug|x64
		{4458F720-B8E4-455C-99C1-3A18ADA8BB78}.Debug|x86.ActiveCfg = Debug|Win32
		{4458F720-B8E4-455C-99C1-3A18ADA8BB78}.Debug|x86.Build.0 = Debug|Win32
		{4458F720-B8E4-455C-99C1-3A18ADA8BB78}.Release|x64.ActiveCfg = Release|x64
		{4458F720-B8E4-455C-99C1-3A18ADA8BB78}.Release|x64.Build.0 = Release|x64
		{4458F720-B8E4-455C-99C1-3A18ADA8BB78}.Release|x86.ActiveCfg = Release|Win32
		{4458F720-B8E4-455C-99C1-3A18ADA8BB78}.Release|x86.Build.0 = Release|Win32
		{5DE3EAE4-9229-4B95-8A96-B86A5D756AE6}.Debug|x64.ActiveCfg = Debug|x64
		{5DE3EAE4-9229-4B95-8A96-B86A5D756AE6}.Debug|x64.Build.0 = Debug|x64
		{5DE3EAE4-9229-4B95-8A96-B86A5D756AE6}.Debug|x86.ActiveCfg = Debug|Win32
		{5DE3EAE4-9229-4B95-8A96-B86A5D756AE6}.Debug|x86.Build.0 = Debug|Win32
		{5DE3EAE4-9229-4B95-8A96-B86A5D756AE6}.Release|x64.ActiveCfg = Release|x64
		{5DE3EAE4-9229-4B95-8A96-B86A5D756AE6}.Release|x64.Build.0 = Release|x64
		{5DE3EAE4-9229-4B95-8A96-B86A5D756AE6}.Release|x86.ActiveCfg = Release|Win32
		{5DE3EAE4-9229-4B95-8A96-B86A5D756AE6}.Release|x86.Build.0 = Release|Win32
		{F0691FE8-E179-4F70-BC3B-54ABC69612B7}.Debug|x64.ActiveCfg = Debug|x64
		{F0691FE8-E179-4F70-BC3B-54ABC69612B7}.Debug|x64.Build.0 = Debug|x64
		{F0691FE8-E179-4F70-BC3B-54ABC69612B7}.Debug|x86.ActiveCfg = Debug|Win32
		{F0691FE8-E179-4F70-BC3B-54ABC69612B7}.Debug|x86.Build.0 = Debug|Win32
		{F0691FE8-E179-4F70-BC3B-54ABC69612B7}.Release|x64.ActiveCfg = Release|x64
		{F0691FE8-E179-4F70-BC3B-54ABC69612B7}.Release|x64.Build.0 = Release|x64
		{F0691FE8-E179-4F70-BC3B-54ABC69612B7}.Release|x86.ActiveCfg = Release|Win32
		{F0691FE8-E179-4F70-BC3B-54ABC69612B7}.Release|x86.Build.0 = Release|Win32
		{D918EBC0-B90F-4EE1-8C84-8DE2AFDC9067}.Debug|x64.ActiveCfg = Debug|x64
		{D918EBC0-B90F-4EE1-8C84-8DE2AFDC9067}.Debug|x64.Build.0 = Debug|x64
		{D918EBC0-B90F-4EE1-8C84-8DE2AFDC9067}.Debug|x86.ActiveCfg = Debug|Win32
		{D918EBC0-B90F-4EE1-8C84-8DE2AFDC9067}.Debug|x86.Build.0 = Debug|Win32
		{D918EBC0-B90F-4EE1-8C84-8DE2AFDC9067}.Release|x64.ActiveCfg = Release|x64
		{D918EBC0-B90F-4EE1-8C84-8DE2AFDC9067}.Release|x64.Build.0 = Release|x64
		{D918EBC0-B90F-4EE1-8C84-8DE2AFDC9067}.Release|x86.ActiveCfg = Release|Win32
		{D918EBC0-B90F-4EE1-8C84-8DE2AFDC9067}.Release|x86.Build.0 = Release|Win32
		{94FEC5ED-E466-4056-AE6B-92F568264312}.Debug|x64.ActiveCfg = Debug|x64
		{94FEC5ED-E466-4056-AE6B-92F568264312}.Debug|x64.Build.0 = Debug|x64
		{94FEC5ED-E466-4056-AE6B-92F568264312}.Debug|x86.ActiveCfg = Debug|Win32
		{94FEC5ED-E466-4056-AE6B-92F568264312}.Debug|x86.Build.0 = Debug|Win32
		{94FEC5ED-E466-4056-AE6B-92F568264312}.Release|x64.ActiveCfg = Release|x64
		{94FEC5ED-E466-4056-AE6B-92F568264312}.Release|x64.Build.0 = Release|x64
		{94FEC5ED-E466-4056-AE6B-92F568264312}.Release|x86.ActiveCfg = Release|Win32
		{94FEC5ED-E466-4056-AE6B-92F568264312}.Release|x86.Build.0 = Release|Win32
		{254CAD7E-612F-4F7A-9FA0-89360C107C36}.Debug|x64.ActiveCfg = Debug|x64
		{254CAD7E-612F-4F7A-9FA0-89360C107C36}.Debug|x64.Build.0 = Debug|x64
		{254CAD7E-612F-4F7A-9FA0-89360C107C36}.Debug|x86.ActiveCfg = Debug|Win32
		{254CAD7E-612F-4F7A-9FA0-89360C107C36}.Debug|x86.Build.0 = Debug|Win32
		{254CAD7E-612F-4F7A-9FA0-89360C107C36}.Release|x64.ActiveCfg = Release|x64
		{254CAD7E-612F-4F7A-9FA0-89360C107C36}.Release|x64.Build.0 = Release|x64
		{254CAD7E-612F-4F7A-9FA0-89360C107C36}.Release|x86.ActiveCfg = Release|Win32
		{254CAD7E-612F-4F7A-9FA0-89360C107C36}.Release|x86.Build.0 = Release|Win32
		{CB9C321F-2D36-43E7-8B8B-7D6BB0299EB1}.Debug|x64.ActiveCfg = Debug|x64
		{CB9C321F-2D36-43E7-8B8B-7D6BB0299EB1}.Debug|x64.Build.0 = Debug|x64
		{CB9C321F-2D36-43E7-8B8B-7D6BB0299EB1}.Debug|x86.ActiveCfg = Debug|Win32
		{CB9C321F-2D36-43E7-8B8B-7D6BB0299EB1}.Debug|x86.Build.0 = Debug|Win32
		{CB9C321F-2D36-43E7-8B8B-7D6BB0299EB1}.Release|x64.ActiveCfg = Release|x64
		{CB9C321F-2D36-43E7-8B8B-7D6BB0299EB1}.Release|x64.Build.0 = Release|x64
		{CB9C321F-2D36-43E7-8B8B-7D6BB0299EB1}.Release|x86.ActiveCfg = Release|Win32
		{CB9C321F-2D36-43E7-8B8B-7D6BB0299EB1}.Release|x86.Build.0 = Release|Win32
		{63C907D7-276F-4526-81CA-7AA8AD8BEFF9}.Debug|x64.ActiveCfg = Debug|x64
		{63C907D7-276F-4526-81CA-7AA8AD8BEFF9}.Debug|x64.Build.0 = Debug|x64
		{63C907D7-276F-4526-81CA-7AA8AD8BEFF9}.Debug|x86.ActiveCfg = Debug|Win32
		{63C907D7-276F-4526-81CA-7AA8AD8BEFF9}.Debug|x86.Build.0 = Debug|Win32
		{63C907D7-276F-4526-81CA-7AA8AD8BEFF9}.Release|x64.ActiveCfg = Release|x64
		{63C907D7-276F-4526-81CA-7AA8AD8BEFF9}.Release|x64.Build.0 = Release|x64
		{63C907D7-276F-4526-81CA-7AA8AD8BEFF9}.Release|x86.ActiveCfg = Release|Win32
		{63C907D7-276F-4526-81CA-7AA8AD8BEFF9}.Release|x86.Build.0 = Release|Win32
		{9D53A505-CEAA-4F0F-8A2B-D1DCF105F48F}.Debug|x64.ActiveCfg = Debug|x64
		{9D53A505-CEAA-4F0F-8A2B-D1DCF105F48F}.Debug|x64.Build.0 = Debug|x64
		{9D53A505-CEAA-4F0F-8A2B-D1DCF105F48F}.Debug|x86.ActiveCfg = Debug|Win32
		{9D53A505-CEAA-4F0F-8A2B-D1DCF105F48F}.Debug|x86.Build.0 = Debug|Win32
		{9D53A505-CEAA-4F0F-8A2B-D1DCF105F48F}.Release|x64.ActiveCfg = Release|x64
		{9D53A505-CEAA-4F0F-8A2B-D1DCF105F48F}.Release|x64.Build.0 = Release|x64
		{9D53A505-CEAA-4F0F-8A2B-D1DCF105F48F}.Release|x86.ActiveCfg = Release|Win32
		{9D53A505-CEAA-4F0F-8A2B-D1DCF105F48F}.Release|x86.Build.0 = Release|Win32
		{D8B2B503-A963-47FC-BF70-68BBD808C9B3}.Debug|x64.ActiveCfg = Debug|x64
		{D8B2B503-A963-47FC-BF70-68BBD808C9B3}.Debug|x64.Build.0 = Debug|x64
		{D8B2B503-A963-47FC-BF70-68BBD808C9B3}.Debug|x86.ActiveCfg = Debug|Win32
		{D8B2B503-A963-47FC-BF70-68BBD808C9B3}.Debug|x86.Build.0 = Debug|Win32
		{D8B2B503-A963-47FC-BF70-68BBD808C9B3}.Release|x64.ActiveCfg = Release|x64
		{D8B2B503-A963-47FC-BF70-68BBD808C9B3}.Release|x64.Build.0 = Release|x64
		{D8B2B503-A963-47FC-BF70-68BBD808C9B3}.Release|x86.ActiveCfg = Release|Win32
		{D8B2B503-A963-47FC-BF70-68BBD808C9B3}.Release|x86.Build.0 = Release|Win32
		{96AEEB6D-4808-46AA-B57B-2BFAB074C957}.Debug|x64.ActiveCfg = Debug|x64
		{96AEEB6D-4808-46AA-B57B-2BFAB074C957}.Debug|x64.Build.0 = Debug|x64
		{96AEEB6D-4808-46AA-B57B-2BFAB074C957}.Debug|x86.ActiveCfg = Debug|Win32
		{96AEEB6D-4808-46AA-B57B-2BFAB074C957}.Debug|x86.Build.0 = Debug|Win32
		{96AEEB6D-4808-46AA-B57B-2BFAB074C957}.Release|x64.ActiveCfg = Release|x64
		{96AEEB6D-4808-46AA-B57B-2BFAB074C957}.Release|x64.Build.0 = Release|x64
		{96AEEB6D-4808-46AA-B57B-2BFAB074C957}.Release|x86.ActiveCfg = Release|Win32
		{96AEEB6D-4808-46AA-B57B-2BFAB074C957}.Release|x86.Build.0 = Release|Win32
		{F0B49F5C-DFD9-421B-B2BC-71307F0E0A97}.Debug|x64.ActiveCfg = Debug|x64
		{F0B49F5C-DFD9-421B-B2BC-71307F0E0A97}.Debug|x64.Build.0 = Debug|x64
		{F0B49F5C-DFD9-421B-B2BC-71307F0E0A97}.Debug|x86.ActiveCfg = Debug|Win32
		{F0B49F5C-DFD9-421B-B2BC-71307F0E0A97}.Debug|x86.Build.0 = Debug|Win32
		{F0B49F5C-DFD9-421B-B2BC-71307F0E0A97}.Release|x64.ActiveCfg = Release|x64
		{F0B49F5C-DFD9-421B-B2BC-71307F0E0A97}.Release|x64.Build.0 = Release|x64
		{F0B49F5C-DFD9-421B-B2BC-71307F0E0A97}.Release|x86.ActiveCfg = Release|Win32
		{F0B49F5C-DFD9-421B-B2BC-71307F0E0A97}.Release|x86.Build.0 = Release|Win32
		{2E5F71BE-A29F-46EA-AD5F-9B3EF769E762}.Debug|x64.ActiveCfg = Debug|x64
		{2E5F71BE-A29F-46EA-AD5F-9B3EF769E762}.Debug|x64.Build.0 = Debug|x64
		{2E5F71BE-A29F-46EA-AD5F-9B3EF769E762}.Debug|x86.ActiveCfg = Debug|Win32
		{2E5F71BE-A29F-46EA-AD5F-9B3EF769E762}.Debug|x86.Build.0 = Debug|Win32
		{2E5F71BE-A29F-46EA-AD5F-9B3EF769E762}.Release|x64.ActiveCfg = Release|x64
		{2E5F71BE-A29F-46EA-AD5F-9B3EF769E762}.Release|x64.Build.0 = Release|x64
		{2E5F71BE-A29F-46EA-AD5F-9B3EF769E762}.Release|x86.ActiveCfg = Release|Win32
		{2E5F71BE-A29F-46EA-AD5F-9B3EF769E762}.Release|x86.Build.0 = Release|Win32
		{21EC217C-9D19-4258-9C43-232516AFD140}.Debug|x64.ActiveCfg = Debug|x64
		{21EC217C-9D19-4258-9C43-232516AFD140}.Debug|x64.Build.0 = Debug|x64
		{21EC217C-9D19-4258-9C43-232516AFD140}.Debug|x86.ActiveCfg = Debug|Win32
		{21EC217C-9D19-4258-9C43-232516AFD140}.Debug|x86.Build.0 = Debug|Win32
		{21EC217C-9D19-4258-9C43-232516AFD140}.Release|x64.ActiveCfg = Release|x64
		{21EC217C-9D19-4258-9C43-232516AFD140}.Release|x64.Build.0 = Release|x64
		{21EC217C-9D19-4258-9C43-232516AFD140}.Release|x86.ActiveCfg = Release|Win32
		{21EC217C-9D19-4258-9C43-232516AFD140}.Release|x86.Build.0 = Release|Win32
		{C4B5F7C8-695D-4746-8622-69D8CAD70B3F}.Debug|x64.ActiveCfg = Debug|x64
		{C4B5F7C8-695D-4746-8622-69D8CAD70B3F}.Debug|x64.Build.0 = Debug|x64
		{C4B5F7C8-695D-4746-8622-69D8CAD70B3F}.Debug|x86.ActiveCfg = Debug|Win32
		{C4B5F7C8-695D-4746-8622-69D8CAD70B3F}.Debug|x86.Build.0 = Debug|Win32
		{C4B5F7C8-695D-4746-8622-69D8CAD70B3F}.Release|x64.ActiveCfg = Release|x64
		{C4B5F7C8-695D-4746-8622-69D8CAD70B3F}.Release|x64.Build.0 = Release|x64
		{C4B5F7C8-695D-4746-8622-69D8CAD70B3F}.Release|x86.ActiveCfg = Release|Win32
		{C4B5F7C8-695D-4746-8622-69D8CAD70B3F}.Release|x86.Build.0 = Release|Win32
		{04646A3D-2FE3-4030-93AF-F9AB2A5AC4F4}.Debug|x64.ActiveCfg = Debug|x64
		{04646A3D-2FE3-4030-93AF-F9AB2A5AC4F4}.Debug|x64.Build.0 = Debug|x64
		{04646A3D-2FE3-4030-93AF-F9AB2A5AC4F4}.Debug|x86.ActiveCfg = Debug|Win32
		{04646A3D-2FE3-4030-93AF-F9AB2A5AC4F4}.Debug|x86.Build.0 = Debug|Win32
		{04646A3D-2FE3-4030-93AF-F9AB2A5AC4F4}.Release|x64.ActiveCfg = Release|x64
		{04646A3D-2FE3-4030-93AF-F9AB2A5AC4F4}.Release|x64.Build.0 = Release|x64
		{04646A3D-2FE3-4030-93AF-F9AB2A5AC4F4}.Release|x86.ActiveCfg = Release|Win32
		{04646A3D-2FE3-4030-93AF-F9AB2A5AC4F4}.Release|x86.Build.0 = Release|Win32
		{1850BB51-0F45-49C5-BB41-4A5C4E9FD058}.Debug|x64.ActiveCfg = Debug|x64
		{1850BB51-0F45-49C5-BB41-4A5C4E9FD058}.Debug|x64.Build.0 = Debug|x64
		{1850BB51-0F45-49C5-BB41-4A5C4E9FD058}.Debug|x86.ActiveCfg = Debug|Win32
		{1850BB51-0F45-49C5-BB41-4A5C4E9FD058}.Debug|x86.Build.0 = Debug|Win32
		{1850BB51-0F45-49C5-BB41-4A5C4E9FD058}.Release|x64.ActiveCfg = Release|x64
		{1850BB51-0F45-49C5-BB41-4A5C4E9FD058}.Release|x64.Build.0 = Release|x64
		{1850BB51-0F45-49C5-BB41-4A5C4E9FD058}.Release|x86.ActiveCfg = Release|Win32
		{1850BB51-0F45-49C5-BB41-4A5C4E9FD058}.Release|x86.Build.0 = Release|Win32
		{FFB06596-0A2C-4242-99C5-5AD1508112C2}.Debug|x64.ActiveCfg = Debug|x64
		{FFB06596-0A2C-4242-99C5-5AD1508112C2}.Debug|x64.Build.0 = Debug|x64
		{FFB06596-0A2C-4242-99C5-5AD1508112C2}.Debug|x86.ActiveCfg = Debug|Win32
		{FFB06596-0A2C-4242-99C5-5AD1508112C2}.Debug|x86.Build.0 = Debug|Win32
		{FFB06596-0A2C-4242-99C5-5AD1508112C2}.Release|x64.ActiveCfg = Release|x64
		{FFB06596-0A2C-4242-99C5-5AD1508112C2}.Release|x64.Build.0 = Release|x64
		{FFB06596-0A2C-4242-99C5-5AD1508112C2}.Release|x86.ActiveCfg = Release|Win32
		{FFB06596-0A2C-4242-99C5-5AD1508112C2}.Release|x86.Build.0 = Release|Win32
		{1BC0E5AF-C228-4884-94A0-6AB3C8F84501}.Debug|x64.ActiveCfg = Debug|x64
		{1BC0E5AF-C228-4884-94A0-6AB3C8F84501}.Debug|x64.Build.0 = Debug|x64
		{1BC0E5AF-C228-4884-94A0-6AB3C8F84501}.Debug|x86.ActiveCfg = Debug|Win32
		{1BC0E5AF-C228-4884-94A0-6AB3C8F84501}.Debug|x86.Build.0 = Debug|Win32
		{1BC0E5AF-C228-4884-94A0-6AB3C8F84501}.Release|x64.ActiveCfg = Release|x64
		{1BC0E5AF-C228-4884-94A0-6AB3C8F84501}.Release|x64.Build.0 = Release|x64
		{1BC0E5AF-C228-4884-94A0-6AB3C8F84501}.Release|x86.ActiveCfg = Release|Win32
		{1BC0E5AF-C228-4884-94A0-6AB3C8F84501}.Release|x86.Build.0 = Release|Win32
		{4DFE3646-73A0-48ED-A277-0177AECEF2A2}.Debug|x64.ActiveCfg = Debug|x64
		{4DFE3646-73A0-48ED-A277-0177AECEF2A2}.Debug|x64.Build.0 = Debug|x64
		{4DFE3646-73A0-48ED-A277-0177AECEF2A2}.Debug|x86.ActiveCfg = Debug|Win32
		{4DFE3646-73A0-48ED-A277-0177AECEF2A2}.Debug|x86.Build.0 = Debug|Win32
		{4DFE3646-73A0-48ED-A277-0177AECEF2A2}.Release|x64.ActiveCfg = Release|x64
		{4DFE3646-73A0-48ED-A277-0177AECEF2A2}.Release|x64.Build.0 = Release|x64
		{4DFE3646-73A0-48ED-A277-0177AECEF2A2}.Release|x86.ActiveCfg = Release|Win32
		{4DFE3646-73A0-48ED-A277-0177AECEF2A2}.Release|x86.Build.0 = Release|Win32
		{C346DBB2-403E-45F3-B75B-3CFF141F2D85}.Debug|x64.ActiveCfg = Debug|x64
		{C346DBB2-403E-45F3-B75B-3CFF141F2D85}.Debug|x64.Build.0 = Debug|x64
		{C346DBB2-403E-45F3-B75B-3CFF141F2D85}.Debug|x86.ActiveCfg = Debug|Win32
		{C346DBB2-403E-45F3-B75B-3CFF141F2D85}.Debug|x86.Build.0 = Debug|Win32
		{C346DBB2-403E-45F3-B75B-3CFF141F2D85}.Release|x64.ActiveCfg = Release|x64
		{C346DBB2-403E-45F3-B75B-3CFF141F2D85}.Release|x64.Build.0 = Release|x64
		{C346DBB2-403E-45F3-B75B-3CFF141F2D85}.Release|x86.ActiveCfg = Release|Win32
		{C346DBB2-403E-45F3-B75B-3CFF141F2D85}.Release|x86.Build.0 = Release|Win32
		{273883BC-34B0-40CD-A7F8-0D136D8A1FD5}.Debug|x64.ActiveCfg = Debug|x64
		{273883BC-34B0-40CD-A7F8-0D136D8A1FD5}.Debug|x64.Build.0 = Debug|x64
		{273883BC-34B0-40CD-A7F8-0D136D8A1FD5}.Debug|x86.ActiveCfg = Debug|Win32
		{273883BC-34B0-40CD-A7F8-0D136D8A1FD5}.Debug|x86.Build.0 = Debug|Win32
		{273883BC-34B0-40CD-A7F8-0D136D8A1FD5}.Release|x64.ActiveCfg = Release|x64
		{273883BC-34B0-40CD-A7F8-0D136D8A1FD5}.Release|x64.Build.0 = Release|x64
		{273883BC-34B0-40CD-A7F8-0D136D8A1FD5}.Release|x86.ActiveCfg = Release|Win32
		{273883BC-34B0-40CD-A7F8-0D136D8A1FD5}.Release|x86.Build.0 = Release|Win32
		{878AADED-4B24-4FFE-9E67-8846E96E83F1}.Debug|x64.ActiveCfg = Debug|x64
		{878AADED-4B24-4FFE-9E67-8846E96E83F1}.Debug|x64.Build.0 = Debug|x64
		{878AADED-4B24-4FFE-9E67-8846E96E83F1}.Debug|x86.ActiveCfg = Debug|Win32
		{878AADED-4B24-4FFE-9E67-8846E96E83F1}.Debug|x86.Build.0 = Debug|Win32
		{878AADED-4B24-4FFE-9E67-8846E96E83F1}.Release|x64.ActiveCfg = Release|x64
		{878AADED-4B24-4FFE-9E67-8846E96E83F1}.Release|x64.Build.0 = Release|x64
		{878AADED-4B24-4FFE-9E67-8846E96E83F1}.Release|x86.ActiveCfg = Release|Win32
		{878AADED-4B24-4FFE-9E67-8846E96E83F1}.Release|x86.Build.0 = Release|Win32
		{49CC4CAB-C185-40B4-9146-34304B623095}.Debug|x64.ActiveCfg = Debug|x64
		{49CC4CAB-C185-40B4-9146-34304B623095}.Debug|x64.Build.0 = Debug|x64
		{49CC4CAB-C185-40B4-9146-34304B623095}.Debug|x86.ActiveCfg = Debug|Win32
		{49CC4CAB-C185-40B4-9146-34304B623095}.Debug|x86.Build.0 = Debug|Win32
		{49CC4CAB-C185-40B4-9146-34304B623095}.Release|x64.ActiveCfg = Release|x64
		{49CC4CAB-C185-40B4-9146-34304B623095}.Release|x64.Build.0 = Release|x64
		{49CC4CAB-C185-40B4-9146-34304B623095}.Release|x86.ActiveCfg = Release|Win32
		{49CC4CAB-C185-40B4-9146-34304B623095}.Release|x86.Build.0 = Release|Win32
		{4C5D1FB7-86A0-4935-B633-E56C360828D5}.Debug|x64.ActiveCfg = Debug|x64
		{4C5D1FB7-86A0-4935-B633-E56C360828D5}.Debug|x64.Build.0 = Debug|x64
		{4C5D1FB7-86A0-4935-B633-E56C360828D5}.Debug|x86.ActiveCfg = Debug|Win32
		{4C5D1FB7-86A0-4935-B633-E56C360828D5}.Debug|x86.Build.0 = Debug|Win32
		{4C5D1FB7-86A0-4935-B633-E56C360828D5}.Release|x64.ActiveCfg = Release|x64
		{4C5D1FB7-86A0-4935-B633-E56C360828D5}.Release|x64.Build.0 = Release|x64
		{4C5D1FB7-86A0-4935-B633-E56C360828D5}.Release|x86.ActiveCfg = Release|Win32
		{4C5D1FB7-86A0-4935-B633-E56C360828D5}.Release|x86.Build.0 = Release|Win32
		{96C62324-F0AA-4177-970E-9F511727C162}.Debug|x64.ActiveCfg = Debug|x64
		{96C62324-F0AA-4177-970E-9F511727C162}.Debug|x64.Build.0 = Debug|x64
		{96C62324-F0AA-4177-970E-9F511727C162}.Debug|x86.ActiveCfg = Debug|Win32
		{96C62324-F0AA-4177-970E-9F511727C162}.Debug|x86.Build.0 = Debug|Win32
		{96C62324-F0AA-4177-970E-9F511727C162}.Release|x64.ActiveCfg = Release|x64
		{96C62324-F0AA-4177-970E-9F511727C162}.Release|x64.Build.0 = Release|x64
		{96C62324-F0AA-4177-970E-9F511727C162}.Release|x86.ActiveCfg = Release|Win32
		{96C62324-F0AA-4177-970E-9F511727C162}.Release|x86.Build.0 = Release|Win32
		{AC9A9A73-2380-4E45-BC0C-5181A578E307}.Debug|x64.ActiveCfg = Debug|x64
		{AC9A9A73-2380-4E45-BC0C-5181A578E307}.Debug|x64.Build.0 = Debug|x64
		{AC9A9A73-2380-4E45-BC0C-5181A578E307}.Debug|x86.ActiveCfg = Debug|Win32
		{AC9A9A73-2380-4E45-BC0C-5181A578E307}.Debug|x86.Build.0 = Debug|Win32
		{AC9A9A73-2380-4E45-BC0C-5181A578E307}.Release|x64.ActiveCfg = Release|x64
		{AC9A9A73-2380-4E45-BC0C-5181A578E307}.Release|x64.Build.0 = Release|x64
		{AC9A9A73-2380-4E45-BC0C-5181A578E307}.Release|x86.ActiveCfg = Release|Win32
		{AC9A9A73-2380-4E45-BC0C-5181A578E307}.Release|x86.Build.0 = Release|Win32
		{F0B44439-F0A7-429E-8F46-42CD38A30220}.Debug|x64.ActiveCfg = Debug|x64
		{F0B44439-F0A7-429E-8F46-42CD38A30220}.Debug|x64.Build.0 = Debug|x64
		{F0B44439-F0A7-429E-8F46-42CD38A30220}.Debug|x86.ActiveCfg = Debug|Win32
		{F0B44439-F0A7-429E-8F46-42CD38A30220}.Debug|x86.Build.0 = Debug|Win32
		{F0B44439-F0A7-429E-8F46-42CD38A30220}.Release|x64.ActiveCfg = Release|x64
		{F0B44439-F0A7-429E-8F46-42CD38A30220}.Release|x64.Build.0 = Release|x64
		{F0B44439-F0A7-429E-8F46-42CD38A30220}.Release|x86.ActiveCfg = Release|Win32
		{F0B44439-F0A7-429E-8F46-42CD38A30220}.Release|x86.Build.0 = Release|Win32
		{673207CC-3013-4642-A434-7A22C8D1BE4E}.Debug|x64.ActiveCfg = Debug|x64
		{673207CC-3013-4642-A434-7A22C8D1BE4E}.Debug|x64.Build.0 = Debug|x64
		{673207CC-3013-4642-A434-7A22C8D1BE4E}.Debug|x86.ActiveCfg = Debug|Win32
		{673207CC-3013-4642-A434-7A22C8D1BE4E}.Debug|x86.Build.0 = Debug|Win32
		{673207CC-3013-4642-A434-7A22C8D1BE4E}.Release|x64.ActiveCfg = Release|x64
		{673207CC-3013-4642-A434-7A22C8D1BE4E}.Release|x64.Build.0 = Release|x64
		{673207CC-3013-4642-A434-7A22C8D1BE4E}.Release|x86.ActiveCfg = Release|Win32
		{673207CC-3013-4642-A434-7A22C8D1BE4E}.Release|x86.Build.0 = Release|Win32
		{B4C73833-D05C-435F-9B38-8DCA5C4EF60E}.Debug|x64.ActiveCfg = Debug|x64
		{B4C73833-D05C-435F-9B38-8DCA5C4EF60E}.Debug|x64.Build.0 = Debug|x64
		{B4C73833-D05C-435F-9B38-8DCA5C4EF60E}.Debug|x86.ActiveCfg = Debug|Win32
		{B4C73833-D05C-435F-9B38-8DCA5C4EF60E}.Debug|x86.Build.0 = Debug|Win32
		{B4C73833-D05C-435F-9B38-8DCA5C4EF60E}.Release|x64.ActiveCfg = Release|x64
		{B4C73833-D05C-435F-9B38-8DCA5C4EF60E}.Release|x64.Build.0 = Release|x64
		{B4C73833-D05C-435F-9B38-8DCA5C4EF60E}.Release|x86.ActiveCfg = Release|Win32
		{B4C73833-D05C-435F-9B38-8DCA5C4EF60E}.Release|x86.Build.0 = Release|Win32
		{4A550545-357C-4756-9DB4-5D1E6DD63036}.Debug|x64.ActiveCfg = Debug|x64
		{4A550545-357C-4756-9DB4-5D1E6DD63036}.Debug|x64.Build.0 = Debug|x64
		{4A550545-357C-4756-9DB4-5D1E6DD63036}.Debug|x86.ActiveCfg = Debug|Win32
		{4A550545-357C-4756-9DB4-5D1E6DD63036}.Debug|x86.Build.0 = Debug|Win32
		{4A550545-357C-4756-9DB4-5D1E6DD63036}.Release|x64.ActiveCfg = Release|x64
		{4A550545-357C-4756-9DB4-5D1E6DD63036}.Release|x64.Build.0 = Release|x64
		{4A550545-357C-4756-9DB4-5D1E6DD63036}.Release|x86.ActiveCfg = Release|Win32
		{4A550545-357C-4756-9DB4-5D1E6DD63036}.Release|x86.Build.0 = Release|Win32
		{8F8DE666-EEF9-4AD6-A724-4FA3A9472AE5}.Debug|x64.ActiveCfg = Debug|x64
		{8F8DE666-EEF9-4AD6-A724-4FA3A9472AE5}.Debug|x64.Build.0 = Debug|x64
		{8F8DE666-EEF9-4AD6-A724-4FA3A9472AE5}.Debug|x86.ActiveCfg = Debug|Win32
		{8F8DE666-EEF9-4AD6-A724-4FA3A9472AE5}.Debug|x86.Build.0 = Debug|Win32
		{8F8DE666-EEF9-4AD6-A724-4FA3A9472AE5}.Release|x64.ActiveCfg = Release|x64
		{8F8DE666-EEF9-4AD6-A724-4FA3A9472AE5}.Release|x64.Build.0 = Release|x64
		{8F8DE666-EEF9-4AD6-A724-4FA3A9472AE5}.Release|x86.ActiveCfg = Release|Win32
		{8F8DE666-EEF9-4AD6-A724-4FA3A9472AE5}.Release|x86.Build.0 = Release|Win32
		{9E6B7A3E-61F2-4097-A5C3-44579F9B819A}.Debug|x64.ActiveCfg = Debug|x64
		{9E6B7A3E-61F2-4097-A5C3-44579F9B819A}.Debug|x64.Build.0 = Debug|x64
		{9E6B7A3E-61F2-4097-A5C3-44579F9B819A}.Debug|x86.ActiveCfg = Debug|Win32
		{9E6B7A3E-61F2-4097-A5C3-44579F9B819A}.Debug|x86.Build.0 = Debug|Win32
		{9E6B7A3E-61F2-4097-A5C3-44579F9B819A}.Release|x64.ActiveCfg = Release|x64
		{9E6B7A3E-61F2-4097-A5C3-44579F9B819A}.Release|x64.Build.0 = Release|x64
		{9E6B7A3E-61F2-4097-A5C3-44579F9B819A}.Release|x86.ActiveCfg = Release|Win32
		{9E6B7A3E-61F2-4097-A5C3-44579F9B819A}.Release|x86.Build.0 = Release|Win32
		{9D1F5012-A9CB-4A5A-B884-FECA796D5752}.Debug|x64.ActiveCfg = Debug|x64
		{9D1F5012-A9CB-4A5A-B884-FECA796D5752}.Debug|x64.Build.0 = Debug|x64
		{9D1F5012-A9CB-4A5A-B884-FECA796D5752}.Debug|x86.ActiveCfg = Debug|Win32
		{9D1F5012-A9CB-4A5A-B884-FECA796D5752}.Debug|x86.Build.0 = Debug|Win32
		{9D1F5012-A9CB-4A5A-B884-FECA796D5752}.Release|x64.ActiveCfg = Release|x64
		{9D1F5012-A9CB-4A5A-B884-FECA796D5752}.Release|x64.Build.0 = Release|x64
		{9D1F5012-A9CB-4A5A-B884-FECA796D5752}.Release|x86.ActiveCfg = Release|Win32
		{9D1F5012-A9CB-4A5A-B884-FECA796D5752}.Release|x86.Build.0 = Release|Win32
		{AC074F3F-A541-4DE8-A060-B38C451470A0}.Debug|x64.ActiveCfg = Debug|x64
		{AC074F3F-A541-4DE8-A060-B38C451470A0}.Debug|x64.Build.0 = Debug|x64
		{AC074F3F-A541-4DE8-A060-B38C451470A0}.Debug|x86.ActiveCfg = Debug|Win32
		{AC074F3F-A541-4DE8-A060-B38C451470A0}.Debug|x86.Build.0 = Debug|Win32
		{AC074F3F-A541-4DE8-A060-B38C451470A0}.Release|x64.ActiveCfg = Release|x64
		{AC074F3F-A541-4DE8-A060-B38C451470A0}.Release|x64.Build.0 = Release|x64
		{AC074F3F-A541-4DE8-A060-B38C451470A0}.Release|x86.ActiveCfg = Release|Win32
		{AC074F3F-A541-4DE8-A060-B38C451470A0}.Release|x86.Build.0 = Release|Win32
	EndGlobalSection
	GlobalSection(SolutionProperties) = preSolution
		HideSolutionNode = FALSE
	EndGlobalSection
	GlobalSection(ExtensibilityGlobals) = postSolution
		SolutionGuid = {6D6D9B94-3599-4032-8E41-2797CFDA0CCA}
	EndGlobalSection
EndGlobal
